// !$*UTF8*$!
{
	archiveVersion = 1;
	classes = {
	};
	objectVersion = 46;
	objects = {

/* Begin PBXBuildFile section */
		980353A71C19499E00A2C6A8 /* Localizable.strings in Resources */ = {isa = PBXBuildFile; fileRef = 980353A91C19499E00A2C6A8 /* Localizable.strings */; };
		980474621C23931200B3966D /* SZLSideView.m in Sources */ = {isa = PBXBuildFile; fileRef = 980474601C23931200B3966D /* SZLSideView.m */; };
		980474631C23931200B3966D /* SZLSideView.xib in Resources */ = {isa = PBXBuildFile; fileRef = 980474611C23931200B3966D /* SZLSideView.xib */; };
		980474651C23A52D00B3966D /* RoomListItem.swift in Sources */ = {isa = PBXBuildFile; fileRef = 980474641C23A52D00B3966D /* RoomListItem.swift */; };
		980474681C23B51B00B3966D /* ItemCell.swift in Sources */ = {isa = PBXBuildFile; fileRef = 980474661C23B51B00B3966D /* ItemCell.swift */; };
		980474691C23B51B00B3966D /* ItemCell.xib in Resources */ = {isa = PBXBuildFile; fileRef = 980474671C23B51B00B3966D /* ItemCell.xib */; };
		980474701C23B54000B3966D /* AddCell.swift in Sources */ = {isa = PBXBuildFile; fileRef = 9804746E1C23B54000B3966D /* AddCell.swift */; };
		980474711C23B54000B3966D /* AddCell.xib in Resources */ = {isa = PBXBuildFile; fileRef = 9804746F1C23B54000B3966D /* AddCell.xib */; };
		9806CD411C210FF30038A8E0 /* GuideViewController.m in Sources */ = {isa = PBXBuildFile; fileRef = 9806CD401C210FF30038A8E0 /* GuideViewController.m */; };
		9806CD481C2124C90038A8E0 /* 引导页.jpg in Resources */ = {isa = PBXBuildFile; fileRef = 9806CD471C2124C90038A8E0 /* 引导页.jpg */; };
		980A92F61C17B440009166D0 /* AppDelegate.swift in Sources */ = {isa = PBXBuildFile; fileRef = 980A92F51C17B440009166D0 /* AppDelegate.swift */; };
		980A92FB1C17B440009166D0 /* Main.storyboard in Resources */ = {isa = PBXBuildFile; fileRef = 980A92F91C17B440009166D0 /* Main.storyboard */; };
		980A92FE1C17B440009166D0 /* SmartHome.xcdatamodeld in Sources */ = {isa = PBXBuildFile; fileRef = 980A92FC1C17B440009166D0 /* SmartHome.xcdatamodeld */; };
		980A93001C17B440009166D0 /* Assets.xcassets in Resources */ = {isa = PBXBuildFile; fileRef = 980A92FF1C17B440009166D0 /* Assets.xcassets */; };
		980A93031C17B440009166D0 /* LaunchScreen.storyboard in Resources */ = {isa = PBXBuildFile; fileRef = 980A93011C17B440009166D0 /* LaunchScreen.storyboard */; };
		980A930E1C17B441009166D0 /* SmartHomeTests.swift in Sources */ = {isa = PBXBuildFile; fileRef = 980A930D1C17B441009166D0 /* SmartHomeTests.swift */; };
		980A93191C17B441009166D0 /* SmartHomeUITests.swift in Sources */ = {isa = PBXBuildFile; fileRef = 980A93181C17B441009166D0 /* SmartHomeUITests.swift */; };
		983FE2E91C1821B6004B89CE /* Helper.swift in Sources */ = {isa = PBXBuildFile; fileRef = 983FE2E81C1821B6004B89CE /* Helper.swift */; };
		984739D61C1AC9A300E80376 /* AFHTTPRequestOperation.m in Sources */ = {isa = PBXBuildFile; fileRef = 984739B21C1AC9A300E80376 /* AFHTTPRequestOperation.m */; };
		984739D71C1AC9A300E80376 /* AFHTTPRequestOperationManager.m in Sources */ = {isa = PBXBuildFile; fileRef = 984739B41C1AC9A300E80376 /* AFHTTPRequestOperationManager.m */; };
		984739D81C1AC9A300E80376 /* AFHTTPSessionManager.m in Sources */ = {isa = PBXBuildFile; fileRef = 984739B61C1AC9A300E80376 /* AFHTTPSessionManager.m */; };
		984739D91C1AC9A300E80376 /* AFNetworkReachabilityManager.m in Sources */ = {isa = PBXBuildFile; fileRef = 984739B91C1AC9A300E80376 /* AFNetworkReachabilityManager.m */; };
		984739DA1C1AC9A300E80376 /* AFSecurityPolicy.m in Sources */ = {isa = PBXBuildFile; fileRef = 984739BB1C1AC9A300E80376 /* AFSecurityPolicy.m */; };
		984739DB1C1AC9A300E80376 /* AFURLConnectionOperation.m in Sources */ = {isa = PBXBuildFile; fileRef = 984739BD1C1AC9A300E80376 /* AFURLConnectionOperation.m */; };
		984739DC1C1AC9A300E80376 /* AFURLRequestSerialization.m in Sources */ = {isa = PBXBuildFile; fileRef = 984739BF1C1AC9A300E80376 /* AFURLRequestSerialization.m */; };
		984739DD1C1AC9A300E80376 /* AFURLResponseSerialization.m in Sources */ = {isa = PBXBuildFile; fileRef = 984739C11C1AC9A300E80376 /* AFURLResponseSerialization.m */; };
		984739DE1C1AC9A300E80376 /* AFURLSessionManager.m in Sources */ = {isa = PBXBuildFile; fileRef = 984739C31C1AC9A300E80376 /* AFURLSessionManager.m */; };
		984739DF1C1AC9A300E80376 /* AFNetworkActivityIndicatorManager.m in Sources */ = {isa = PBXBuildFile; fileRef = 984739C61C1AC9A300E80376 /* AFNetworkActivityIndicatorManager.m */; };
		984739E01C1AC9A300E80376 /* UIActivityIndicatorView+AFNetworking.m in Sources */ = {isa = PBXBuildFile; fileRef = 984739C81C1AC9A300E80376 /* UIActivityIndicatorView+AFNetworking.m */; };
		984739E11C1AC9A300E80376 /* UIAlertView+AFNetworking.m in Sources */ = {isa = PBXBuildFile; fileRef = 984739CA1C1AC9A300E80376 /* UIAlertView+AFNetworking.m */; };
		984739E21C1AC9A300E80376 /* UIButton+AFNetworking.m in Sources */ = {isa = PBXBuildFile; fileRef = 984739CC1C1AC9A300E80376 /* UIButton+AFNetworking.m */; };
		984739E31C1AC9A300E80376 /* UIImageView+AFNetworking.m in Sources */ = {isa = PBXBuildFile; fileRef = 984739CE1C1AC9A300E80376 /* UIImageView+AFNetworking.m */; };
		984739E41C1AC9A300E80376 /* UIProgressView+AFNetworking.m in Sources */ = {isa = PBXBuildFile; fileRef = 984739D11C1AC9A300E80376 /* UIProgressView+AFNetworking.m */; };
		984739E51C1AC9A300E80376 /* UIRefreshControl+AFNetworking.m in Sources */ = {isa = PBXBuildFile; fileRef = 984739D31C1AC9A300E80376 /* UIRefreshControl+AFNetworking.m */; };
		984739E61C1AC9A300E80376 /* UIWebView+AFNetworking.m in Sources */ = {isa = PBXBuildFile; fileRef = 984739D51C1AC9A300E80376 /* UIWebView+AFNetworking.m */; };
		9847F0931C194F09005D72A9 /* InfoPlist.strings in Resources */ = {isa = PBXBuildFile; fileRef = 9847F0951C194F09005D72A9 /* InfoPlist.strings */; };
		9847F0981C19577C005D72A9 /* PhoneVC.xib in Resources */ = {isa = PBXBuildFile; fileRef = 9847F09A1C19577C005D72A9 /* PhoneVC.xib */; };
		98539A601C1FBFBB00DA7699 /* Waiting.swift in Sources */ = {isa = PBXBuildFile; fileRef = 98539A5F1C1FBFBB00DA7699 /* Waiting.swift */; };
		98539A621C1FDA0B00DA7699 /* wait.gif in Resources */ = {isa = PBXBuildFile; fileRef = 98539A611C1FDA0B00DA7699 /* wait.gif */; };
		985F9A631C2159FC00FFE955 /* AddRoomCell.swift in Sources */ = {isa = PBXBuildFile; fileRef = 985F9A581C2159FC00FFE955 /* AddRoomCell.swift */; };
		985F9A641C2159FC00FFE955 /* AddRoomCell.xib in Resources */ = {isa = PBXBuildFile; fileRef = 985F9A591C2159FC00FFE955 /* AddRoomCell.xib */; };
		985F9A661C2159FC00FFE955 /* FloorRoomCell.swift in Sources */ = {isa = PBXBuildFile; fileRef = 985F9A5B1C2159FC00FFE955 /* FloorRoomCell.swift */; };
		985F9A671C2159FC00FFE955 /* FloorRoomCell.xib in Resources */ = {isa = PBXBuildFile; fileRef = 985F9A5C1C2159FC00FFE955 /* FloorRoomCell.xib */; };
		985F9A681C2159FC00FFE955 /* FloorViewController.swift in Sources */ = {isa = PBXBuildFile; fileRef = 985F9A5D1C2159FC00FFE955 /* FloorViewController.swift */; };
		985F9A691C2159FC00FFE955 /* FloorViewController.xib in Resources */ = {isa = PBXBuildFile; fileRef = 985F9A5E1C2159FC00FFE955 /* FloorViewController.xib */; };
		985F9A6A1C2159FC00FFE955 /* RoomAndFloorCell.swift in Sources */ = {isa = PBXBuildFile; fileRef = 985F9A5F1C2159FC00FFE955 /* RoomAndFloorCell.swift */; };
		985F9A6B1C2159FC00FFE955 /* RoomAndFloorCell.xib in Resources */ = {isa = PBXBuildFile; fileRef = 985F9A601C2159FC00FFE955 /* RoomAndFloorCell.xib */; };
		985F9A6C1C2159FC00FFE955 /* RoomAndRenameVC.swift in Sources */ = {isa = PBXBuildFile; fileRef = 985F9A611C2159FC00FFE955 /* RoomAndRenameVC.swift */; };
		985F9A6D1C2159FC00FFE955 /* RoomAndRenameVC.xib in Resources */ = {isa = PBXBuildFile; fileRef = 985F9A621C2159FC00FFE955 /* RoomAndRenameVC.xib */; };
		985F9A6F1C215B6E00FFE955 /* EditView.swift in Sources */ = {isa = PBXBuildFile; fileRef = 985F9A6E1C215B6E00FFE955 /* EditView.swift */; };
		985F9A761C215D9F00FFE955 /* CreatHomeVC.swift in Sources */ = {isa = PBXBuildFile; fileRef = 985F9A741C215D9F00FFE955 /* CreatHomeVC.swift */; };
		985F9A771C215D9F00FFE955 /* CreatHomeVC.xib in Resources */ = {isa = PBXBuildFile; fileRef = 985F9A751C215D9F00FFE955 /* CreatHomeVC.xib */; };
		985F9A7A1C215DBA00FFE955 /* CreatRootVC.swift in Sources */ = {isa = PBXBuildFile; fileRef = 985F9A781C215DBA00FFE955 /* CreatRootVC.swift */; };
		985F9A7B1C215DBA00FFE955 /* CreatRootVC.xib in Resources */ = {isa = PBXBuildFile; fileRef = 985F9A791C215DBA00FFE955 /* CreatRootVC.xib */; };
		985F9A821C21632B00FFE955 /* HScrollView.m in Sources */ = {isa = PBXBuildFile; fileRef = 985F9A811C21632B00FFE955 /* HScrollView.m */; };
		98B8A39D1C1815BE00A584D3 /* libsqlite3.tbd in Frameworks */ = {isa = PBXBuildFile; fileRef = 98B8A39C1C1815BE00A584D3 /* libsqlite3.tbd */; };
		98B8A39F1C1815E700A584D3 /* libz.tbd in Frameworks */ = {isa = PBXBuildFile; fileRef = 98B8A39E1C1815E700A584D3 /* libz.tbd */; };
		98B8A3A11C1815FF00A584D3 /* libc++.tbd in Frameworks */ = {isa = PBXBuildFile; fileRef = 98B8A3A01C1815FF00A584D3 /* libc++.tbd */; };
		98E906C01C19694100392450 /* Tools.swift in Sources */ = {isa = PBXBuildFile; fileRef = 98E906BF1C19694100392450 /* Tools.swift */; };
		98FD77AB1C1E5B530079E5A7 /* UserModel.swift in Sources */ = {isa = PBXBuildFile; fileRef = 98FD77AA1C1E5B530079E5A7 /* UserModel.swift */; };
		C21E158C1C18063B00C45854 /* SuccessVC.swift in Sources */ = {isa = PBXBuildFile; fileRef = C21E158A1C18063B00C45854 /* SuccessVC.swift */; };
		C21E158D1C18063B00C45854 /* SuccessVC.xib in Resources */ = {isa = PBXBuildFile; fileRef = C21E158B1C18063B00C45854 /* SuccessVC.xib */; };
		C21E15901C18065200C45854 /* FailedVC.swift in Sources */ = {isa = PBXBuildFile; fileRef = C21E158E1C18065200C45854 /* FailedVC.swift */; };
		C21E15911C18065200C45854 /* FailedVC.xib in Resources */ = {isa = PBXBuildFile; fileRef = C21E158F1C18065200C45854 /* FailedVC.xib */; };
		C21E15941C1806FE00C45854 /* SetModelVC.swift in Sources */ = {isa = PBXBuildFile; fileRef = C21E15921C1806FE00C45854 /* SetModelVC.swift */; };
		C21E15951C1806FE00C45854 /* SetModelVC.xib in Resources */ = {isa = PBXBuildFile; fileRef = C21E15931C1806FE00C45854 /* SetModelVC.xib */; };
		C24FD29D1C18043700B16BF2 /* NSString+Contains.m in Sources */ = {isa = PBXBuildFile; fileRef = C24FD2391C18043600B16BF2 /* NSString+Contains.m */; };
		C24FD2A21C18043700B16BF2 /* GlobalVariables.swift in Sources */ = {isa = PBXBuildFile; fileRef = C24FD2421C18043600B16BF2 /* GlobalVariables.swift */; };
		C24FD2A31C18043700B16BF2 /* HomeVC.swift in Sources */ = {isa = PBXBuildFile; fileRef = C24FD2471C18043600B16BF2 /* HomeVC.swift */; };
		C24FD2A41C18043700B16BF2 /* HomeVC.xib in Resources */ = {isa = PBXBuildFile; fileRef = C24FD2481C18043600B16BF2 /* HomeVC.xib */; };
		C24FD2A51C18043700B16BF2 /* LoginVC.swift in Sources */ = {isa = PBXBuildFile; fileRef = C24FD24A1C18043600B16BF2 /* LoginVC.swift */; };
		C24FD2A61C18043700B16BF2 /* LoginVC.xib in Resources */ = {isa = PBXBuildFile; fileRef = C24FD24B1C18043600B16BF2 /* LoginVC.xib */; };
		C24FD2A71C18043700B16BF2 /* PassWordVC.swift in Sources */ = {isa = PBXBuildFile; fileRef = C24FD24C1C18043600B16BF2 /* PassWordVC.swift */; };
		C24FD2A81C18043700B16BF2 /* PassWordVC.xib in Resources */ = {isa = PBXBuildFile; fileRef = C24FD24D1C18043600B16BF2 /* PassWordVC.xib */; };
		C24FD2A91C18043700B16BF2 /* PhoneVC.swift in Sources */ = {isa = PBXBuildFile; fileRef = C24FD24E1C18043600B16BF2 /* PhoneVC.swift */; };
		C24FD2AB1C18043700B16BF2 /* VCodeVC.swift in Sources */ = {isa = PBXBuildFile; fileRef = C24FD2501C18043600B16BF2 /* VCodeVC.swift */; };
		C24FD2AC1C18043700B16BF2 /* VCodeVC.xib in Resources */ = {isa = PBXBuildFile; fileRef = C24FD2511C18043600B16BF2 /* VCodeVC.xib */; };
		C24FD2AD1C18043700B16BF2 /* MallVC.swift in Sources */ = {isa = PBXBuildFile; fileRef = C24FD2531C18043600B16BF2 /* MallVC.swift */; };
		C24FD2AE1C18043700B16BF2 /* MallVC.xib in Resources */ = {isa = PBXBuildFile; fileRef = C24FD2541C18043600B16BF2 /* MallVC.xib */; };
		C24FD2AF1C18043700B16BF2 /* MineVC.swift in Sources */ = {isa = PBXBuildFile; fileRef = C24FD2561C18043600B16BF2 /* MineVC.swift */; };
		C24FD2B01C18043700B16BF2 /* MineVC.xib in Resources */ = {isa = PBXBuildFile; fileRef = C24FD2571C18043600B16BF2 /* MineVC.xib */; };
		C24FD2B11C18043700B16BF2 /* AllDeviceListVC.swift in Sources */ = {isa = PBXBuildFile; fileRef = C24FD25A1C18043600B16BF2 /* AllDeviceListVC.swift */; };
		C24FD2B21C18043700B16BF2 /* AllDeviceListVC.xib in Resources */ = {isa = PBXBuildFile; fileRef = C24FD25B1C18043600B16BF2 /* AllDeviceListVC.xib */; };
		C24FD2B31C18043700B16BF2 /* CreateChooseVC.swift in Sources */ = {isa = PBXBuildFile; fileRef = C24FD25C1C18043600B16BF2 /* CreateChooseVC.swift */; };
		C24FD2B41C18043700B16BF2 /* CreateChooseVC.xib in Resources */ = {isa = PBXBuildFile; fileRef = C24FD25D1C18043600B16BF2 /* CreateChooseVC.xib */; };
		C24FD2B51C18043700B16BF2 /* DeviceIconVC.swift in Sources */ = {isa = PBXBuildFile; fileRef = C24FD25E1C18043600B16BF2 /* DeviceIconVC.swift */; };
		C24FD2B61C18043700B16BF2 /* DeviceIconVC.xib in Resources */ = {isa = PBXBuildFile; fileRef = C24FD25F1C18043600B16BF2 /* DeviceIconVC.xib */; };
		C24FD2B71C18043700B16BF2 /* SetDeviceVC.swift in Sources */ = {isa = PBXBuildFile; fileRef = C24FD2601C18043600B16BF2 /* SetDeviceVC.swift */; };
		C24FD2B81C18043700B16BF2 /* SetDeviceVC.xib in Resources */ = {isa = PBXBuildFile; fileRef = C24FD2611C18043600B16BF2 /* SetDeviceVC.xib */; };
		C24FD2B91C18043700B16BF2 /* SetFloor.swift in Sources */ = {isa = PBXBuildFile; fileRef = C24FD2621C18043600B16BF2 /* SetFloor.swift */; };
		C24FD2BA1C18043700B16BF2 /* SetFloor.xib in Resources */ = {isa = PBXBuildFile; fileRef = C24FD2631C18043600B16BF2 /* SetFloor.xib */; };
		C24FD2BB1C18043700B16BF2 /* SetRomeVC.swift in Sources */ = {isa = PBXBuildFile; fileRef = C24FD2641C18043600B16BF2 /* SetRomeVC.swift */; };
		C24FD2BC1C18043700B16BF2 /* SetRomeVC.xib in Resources */ = {isa = PBXBuildFile; fileRef = C24FD2651C18043600B16BF2 /* SetRomeVC.xib */; };
		C24FD2BD1C18043700B16BF2 /* libGexinSdk-1.1.1.a in Frameworks */ = {isa = PBXBuildFile; fileRef = C24FD26B1C18043600B16BF2 /* libGexinSdk-1.1.1.a */; };
		C24FD2C01C18043700B16BF2 /* QRCameraSwitchButton.m in Sources */ = {isa = PBXBuildFile; fileRef = C24FD2731C18043600B16BF2 /* QRCameraSwitchButton.m */; };
		C24FD2C11C18043700B16BF2 /* QRCodeReader.m in Sources */ = {isa = PBXBuildFile; fileRef = C24FD2751C18043600B16BF2 /* QRCodeReader.m */; };
		C24FD2C21C18043700B16BF2 /* QRCodeReaderView.m in Sources */ = {isa = PBXBuildFile; fileRef = C24FD2781C18043600B16BF2 /* QRCodeReaderView.m */; };
		C24FD2C31C18043700B16BF2 /* QRCodeReaderViewController.m in Sources */ = {isa = PBXBuildFile; fileRef = C24FD27A1C18043600B16BF2 /* QRCodeReaderViewController.m */; };
		C24FD2C41C18043700B16BF2 /* MKAnnotationView+WebCache.m in Sources */ = {isa = PBXBuildFile; fileRef = C24FD27D1C18043600B16BF2 /* MKAnnotationView+WebCache.m */; };
		C24FD2C51C18043700B16BF2 /* NSData+ImageContentType.m in Sources */ = {isa = PBXBuildFile; fileRef = C24FD27F1C18043700B16BF2 /* NSData+ImageContentType.m */; };
		C24FD2C61C18043700B16BF2 /* SDImageCache.m in Sources */ = {isa = PBXBuildFile; fileRef = C24FD2811C18043700B16BF2 /* SDImageCache.m */; };
		C24FD2C71C18043700B16BF2 /* SDWebImageCompat.m in Sources */ = {isa = PBXBuildFile; fileRef = C24FD2831C18043700B16BF2 /* SDWebImageCompat.m */; };
		C24FD2C81C18043700B16BF2 /* SDWebImageDecoder.m in Sources */ = {isa = PBXBuildFile; fileRef = C24FD2851C18043700B16BF2 /* SDWebImageDecoder.m */; };
		C24FD2C91C18043700B16BF2 /* SDWebImageDownloader.m in Sources */ = {isa = PBXBuildFile; fileRef = C24FD2871C18043700B16BF2 /* SDWebImageDownloader.m */; };
		C24FD2CA1C18043700B16BF2 /* SDWebImageDownloaderOperation.m in Sources */ = {isa = PBXBuildFile; fileRef = C24FD2891C18043700B16BF2 /* SDWebImageDownloaderOperation.m */; };
		C24FD2CB1C18043700B16BF2 /* SDWebImageManager.m in Sources */ = {isa = PBXBuildFile; fileRef = C24FD28B1C18043700B16BF2 /* SDWebImageManager.m */; };
		C24FD2CC1C18043700B16BF2 /* SDWebImagePrefetcher.m in Sources */ = {isa = PBXBuildFile; fileRef = C24FD28E1C18043700B16BF2 /* SDWebImagePrefetcher.m */; };
		C24FD2CD1C18043700B16BF2 /* UIButton+WebCache.m in Sources */ = {isa = PBXBuildFile; fileRef = C24FD2901C18043700B16BF2 /* UIButton+WebCache.m */; };
		C24FD2CE1C18043700B16BF2 /* UIImage+GIF.m in Sources */ = {isa = PBXBuildFile; fileRef = C24FD2921C18043700B16BF2 /* UIImage+GIF.m */; };
		C24FD2CF1C18043700B16BF2 /* UIImage+MultiFormat.m in Sources */ = {isa = PBXBuildFile; fileRef = C24FD2941C18043700B16BF2 /* UIImage+MultiFormat.m */; };
		C24FD2D01C18043700B16BF2 /* UIImage+WebP.m in Sources */ = {isa = PBXBuildFile; fileRef = C24FD2961C18043700B16BF2 /* UIImage+WebP.m */; };
		C24FD2D11C18043700B16BF2 /* UIImageView+HighlightedWebCache.m in Sources */ = {isa = PBXBuildFile; fileRef = C24FD2981C18043700B16BF2 /* UIImageView+HighlightedWebCache.m */; };
		C24FD2D21C18043700B16BF2 /* UIImageView+WebCache.m in Sources */ = {isa = PBXBuildFile; fileRef = C24FD29A1C18043700B16BF2 /* UIImageView+WebCache.m */; };
		C24FD2D31C18043700B16BF2 /* UIView+WebCacheOperation.m in Sources */ = {isa = PBXBuildFile; fileRef = C24FD29C1C18043700B16BF2 /* UIView+WebCacheOperation.m */; };
/* End PBXBuildFile section */

/* Begin PBXContainerItemProxy section */
		980A930A1C17B441009166D0 /* PBXContainerItemProxy */ = {
			isa = PBXContainerItemProxy;
			containerPortal = 980A92EA1C17B440009166D0 /* Project object */;
			proxyType = 1;
			remoteGlobalIDString = 980A92F11C17B440009166D0;
			remoteInfo = SmartHome;
		};
		980A93151C17B441009166D0 /* PBXContainerItemProxy */ = {
			isa = PBXContainerItemProxy;
			containerPortal = 980A92EA1C17B440009166D0 /* Project object */;
			proxyType = 1;
			remoteGlobalIDString = 980A92F11C17B440009166D0;
			remoteInfo = SmartHome;
		};
/* End PBXContainerItemProxy section */

/* Begin PBXFileReference section */
		9803539E1C1947E500A2C6A8 /* Base */ = {isa = PBXFileReference; lastKnownFileType = text.plist.xml; name = Base; path = Base.lproj/Info.plist; sourceTree = "<group>"; };
		980353A81C19499E00A2C6A8 /* zh-Hans */ = {isa = PBXFileReference; lastKnownFileType = text.plist.strings; name = "zh-Hans"; path = "zh-Hans.lproj/Localizable.strings"; sourceTree = "<group>"; };
		980353AB1C1949A800A2C6A8 /* zh-Hant */ = {isa = PBXFileReference; lastKnownFileType = text.plist.strings; name = "zh-Hant"; path = "zh-Hant.lproj/Localizable.strings"; sourceTree = "<group>"; };
		980353B81C194A8A00A2C6A8 /* zh-Hans */ = {isa = PBXFileReference; lastKnownFileType = file.storyboard; name = "zh-Hans"; path = "zh-Hans.lproj/Main.storyboard"; sourceTree = "<group>"; };
		980353B91C194A8A00A2C6A8 /* zh-Hant */ = {isa = PBXFileReference; lastKnownFileType = file.storyboard; name = "zh-Hant"; path = "zh-Hant.lproj/Main.storyboard"; sourceTree = "<group>"; };
		980353BB1C194A8D00A2C6A8 /* en */ = {isa = PBXFileReference; lastKnownFileType = file.storyboard; name = en; path = en.lproj/Main.storyboard; sourceTree = "<group>"; };
		9804745F1C23931200B3966D /* SZLSideView.h */ = {isa = PBXFileReference; fileEncoding = 4; lastKnownFileType = sourcecode.c.h; path = SZLSideView.h; sourceTree = "<group>"; };
		980474601C23931200B3966D /* SZLSideView.m */ = {isa = PBXFileReference; fileEncoding = 4; lastKnownFileType = sourcecode.c.objc; path = SZLSideView.m; sourceTree = "<group>"; };
		980474611C23931200B3966D /* SZLSideView.xib */ = {isa = PBXFileReference; fileEncoding = 4; lastKnownFileType = file.xib; path = SZLSideView.xib; sourceTree = "<group>"; };
		980474641C23A52D00B3966D /* RoomListItem.swift */ = {isa = PBXFileReference; fileEncoding = 4; lastKnownFileType = sourcecode.swift; path = RoomListItem.swift; sourceTree = "<group>"; };
		980474661C23B51B00B3966D /* ItemCell.swift */ = {isa = PBXFileReference; fileEncoding = 4; lastKnownFileType = sourcecode.swift; path = ItemCell.swift; sourceTree = "<group>"; };
		980474671C23B51B00B3966D /* ItemCell.xib */ = {isa = PBXFileReference; fileEncoding = 4; lastKnownFileType = file.xib; path = ItemCell.xib; sourceTree = "<group>"; };
		9804746E1C23B54000B3966D /* AddCell.swift */ = {isa = PBXFileReference; fileEncoding = 4; lastKnownFileType = sourcecode.swift; path = AddCell.swift; sourceTree = "<group>"; };
		9804746F1C23B54000B3966D /* AddCell.xib */ = {isa = PBXFileReference; fileEncoding = 4; lastKnownFileType = file.xib; path = AddCell.xib; sourceTree = "<group>"; };
		9806CD3F1C210FF30038A8E0 /* GuideViewController.h */ = {isa = PBXFileReference; fileEncoding = 4; lastKnownFileType = sourcecode.c.h; path = GuideViewController.h; sourceTree = "<group>"; };
		9806CD401C210FF30038A8E0 /* GuideViewController.m */ = {isa = PBXFileReference; fileEncoding = 4; lastKnownFileType = sourcecode.c.objc; path = GuideViewController.m; sourceTree = "<group>"; };
		9806CD471C2124C90038A8E0 /* 引导页.jpg */ = {isa = PBXFileReference; lastKnownFileType = image.jpeg; path = "引导页.jpg"; sourceTree = "<group>"; };
		980A92F21C17B440009166D0 /* SmartHome.app */ = {isa = PBXFileReference; explicitFileType = wrapper.application; includeInIndex = 0; path = SmartHome.app; sourceTree = BUILT_PRODUCTS_DIR; };
		980A92F51C17B440009166D0 /* AppDelegate.swift */ = {isa = PBXFileReference; lastKnownFileType = sourcecode.swift; path = AppDelegate.swift; sourceTree = "<group>"; };
		980A92FD1C17B440009166D0 /* SmartHome.xcdatamodel */ = {isa = PBXFileReference; lastKnownFileType = wrapper.xcdatamodel; path = SmartHome.xcdatamodel; sourceTree = "<group>"; };
		980A92FF1C17B440009166D0 /* Assets.xcassets */ = {isa = PBXFileReference; lastKnownFileType = folder.assetcatalog; path = Assets.xcassets; sourceTree = "<group>"; };
		980A93091C17B441009166D0 /* SmartHomeTests.xctest */ = {isa = PBXFileReference; explicitFileType = wrapper.cfbundle; includeInIndex = 0; path = SmartHomeTests.xctest; sourceTree = BUILT_PRODUCTS_DIR; };
		980A930D1C17B441009166D0 /* SmartHomeTests.swift */ = {isa = PBXFileReference; lastKnownFileType = sourcecode.swift; path = SmartHomeTests.swift; sourceTree = "<group>"; };
		980A930F1C17B441009166D0 /* Info.plist */ = {isa = PBXFileReference; lastKnownFileType = text.plist.xml; path = Info.plist; sourceTree = "<group>"; };
		980A93141C17B441009166D0 /* SmartHomeUITests.xctest */ = {isa = PBXFileReference; explicitFileType = wrapper.cfbundle; includeInIndex = 0; path = SmartHomeUITests.xctest; sourceTree = BUILT_PRODUCTS_DIR; };
		980A93181C17B441009166D0 /* SmartHomeUITests.swift */ = {isa = PBXFileReference; lastKnownFileType = sourcecode.swift; path = SmartHomeUITests.swift; sourceTree = "<group>"; };
		980A931A1C17B441009166D0 /* Info.plist */ = {isa = PBXFileReference; lastKnownFileType = text.plist.xml; path = Info.plist; sourceTree = "<group>"; };
		983FE2E81C1821B6004B89CE /* Helper.swift */ = {isa = PBXFileReference; fileEncoding = 4; lastKnownFileType = sourcecode.swift; path = Helper.swift; sourceTree = "<group>"; };
		984739B11C1AC9A300E80376 /* AFHTTPRequestOperation.h */ = {isa = PBXFileReference; fileEncoding = 4; lastKnownFileType = sourcecode.c.h; path = AFHTTPRequestOperation.h; sourceTree = "<group>"; };
		984739B21C1AC9A300E80376 /* AFHTTPRequestOperation.m */ = {isa = PBXFileReference; fileEncoding = 4; lastKnownFileType = sourcecode.c.objc; path = AFHTTPRequestOperation.m; sourceTree = "<group>"; };
		984739B31C1AC9A300E80376 /* AFHTTPRequestOperationManager.h */ = {isa = PBXFileReference; fileEncoding = 4; lastKnownFileType = sourcecode.c.h; path = AFHTTPRequestOperationManager.h; sourceTree = "<group>"; };
		984739B41C1AC9A300E80376 /* AFHTTPRequestOperationManager.m */ = {isa = PBXFileReference; fileEncoding = 4; lastKnownFileType = sourcecode.c.objc; path = AFHTTPRequestOperationManager.m; sourceTree = "<group>"; };
		984739B51C1AC9A300E80376 /* AFHTTPSessionManager.h */ = {isa = PBXFileReference; fileEncoding = 4; lastKnownFileType = sourcecode.c.h; path = AFHTTPSessionManager.h; sourceTree = "<group>"; };
		984739B61C1AC9A300E80376 /* AFHTTPSessionManager.m */ = {isa = PBXFileReference; fileEncoding = 4; lastKnownFileType = sourcecode.c.objc; path = AFHTTPSessionManager.m; sourceTree = "<group>"; };
		984739B71C1AC9A300E80376 /* AFNetworking.h */ = {isa = PBXFileReference; fileEncoding = 4; lastKnownFileType = sourcecode.c.h; path = AFNetworking.h; sourceTree = "<group>"; };
		984739B81C1AC9A300E80376 /* AFNetworkReachabilityManager.h */ = {isa = PBXFileReference; fileEncoding = 4; lastKnownFileType = sourcecode.c.h; path = AFNetworkReachabilityManager.h; sourceTree = "<group>"; };
		984739B91C1AC9A300E80376 /* AFNetworkReachabilityManager.m */ = {isa = PBXFileReference; fileEncoding = 4; lastKnownFileType = sourcecode.c.objc; path = AFNetworkReachabilityManager.m; sourceTree = "<group>"; };
		984739BA1C1AC9A300E80376 /* AFSecurityPolicy.h */ = {isa = PBXFileReference; fileEncoding = 4; lastKnownFileType = sourcecode.c.h; path = AFSecurityPolicy.h; sourceTree = "<group>"; };
		984739BB1C1AC9A300E80376 /* AFSecurityPolicy.m */ = {isa = PBXFileReference; fileEncoding = 4; lastKnownFileType = sourcecode.c.objc; path = AFSecurityPolicy.m; sourceTree = "<group>"; };
		984739BC1C1AC9A300E80376 /* AFURLConnectionOperation.h */ = {isa = PBXFileReference; fileEncoding = 4; lastKnownFileType = sourcecode.c.h; path = AFURLConnectionOperation.h; sourceTree = "<group>"; };
		984739BD1C1AC9A300E80376 /* AFURLConnectionOperation.m */ = {isa = PBXFileReference; fileEncoding = 4; lastKnownFileType = sourcecode.c.objc; path = AFURLConnectionOperation.m; sourceTree = "<group>"; };
		984739BE1C1AC9A300E80376 /* AFURLRequestSerialization.h */ = {isa = PBXFileReference; fileEncoding = 4; lastKnownFileType = sourcecode.c.h; path = AFURLRequestSerialization.h; sourceTree = "<group>"; };
		984739BF1C1AC9A300E80376 /* AFURLRequestSerialization.m */ = {isa = PBXFileReference; fileEncoding = 4; lastKnownFileType = sourcecode.c.objc; path = AFURLRequestSerialization.m; sourceTree = "<group>"; };
		984739C01C1AC9A300E80376 /* AFURLResponseSerialization.h */ = {isa = PBXFileReference; fileEncoding = 4; lastKnownFileType = sourcecode.c.h; path = AFURLResponseSerialization.h; sourceTree = "<group>"; };
		984739C11C1AC9A300E80376 /* AFURLResponseSerialization.m */ = {isa = PBXFileReference; fileEncoding = 4; lastKnownFileType = sourcecode.c.objc; path = AFURLResponseSerialization.m; sourceTree = "<group>"; };
		984739C21C1AC9A300E80376 /* AFURLSessionManager.h */ = {isa = PBXFileReference; fileEncoding = 4; lastKnownFileType = sourcecode.c.h; path = AFURLSessionManager.h; sourceTree = "<group>"; };
		984739C31C1AC9A300E80376 /* AFURLSessionManager.m */ = {isa = PBXFileReference; fileEncoding = 4; lastKnownFileType = sourcecode.c.objc; path = AFURLSessionManager.m; sourceTree = "<group>"; };
		984739C51C1AC9A300E80376 /* AFNetworkActivityIndicatorManager.h */ = {isa = PBXFileReference; fileEncoding = 4; lastKnownFileType = sourcecode.c.h; path = AFNetworkActivityIndicatorManager.h; sourceTree = "<group>"; };
		984739C61C1AC9A300E80376 /* AFNetworkActivityIndicatorManager.m */ = {isa = PBXFileReference; fileEncoding = 4; lastKnownFileType = sourcecode.c.objc; path = AFNetworkActivityIndicatorManager.m; sourceTree = "<group>"; };
		984739C71C1AC9A300E80376 /* UIActivityIndicatorView+AFNetworking.h */ = {isa = PBXFileReference; fileEncoding = 4; lastKnownFileType = sourcecode.c.h; path = "UIActivityIndicatorView+AFNetworking.h"; sourceTree = "<group>"; };
		984739C81C1AC9A300E80376 /* UIActivityIndicatorView+AFNetworking.m */ = {isa = PBXFileReference; fileEncoding = 4; lastKnownFileType = sourcecode.c.objc; path = "UIActivityIndicatorView+AFNetworking.m"; sourceTree = "<group>"; };
		984739C91C1AC9A300E80376 /* UIAlertView+AFNetworking.h */ = {isa = PBXFileReference; fileEncoding = 4; lastKnownFileType = sourcecode.c.h; path = "UIAlertView+AFNetworking.h"; sourceTree = "<group>"; };
		984739CA1C1AC9A300E80376 /* UIAlertView+AFNetworking.m */ = {isa = PBXFileReference; fileEncoding = 4; lastKnownFileType = sourcecode.c.objc; path = "UIAlertView+AFNetworking.m"; sourceTree = "<group>"; };
		984739CB1C1AC9A300E80376 /* UIButton+AFNetworking.h */ = {isa = PBXFileReference; fileEncoding = 4; lastKnownFileType = sourcecode.c.h; path = "UIButton+AFNetworking.h"; sourceTree = "<group>"; };
		984739CC1C1AC9A300E80376 /* UIButton+AFNetworking.m */ = {isa = PBXFileReference; fileEncoding = 4; lastKnownFileType = sourcecode.c.objc; path = "UIButton+AFNetworking.m"; sourceTree = "<group>"; };
		984739CD1C1AC9A300E80376 /* UIImageView+AFNetworking.h */ = {isa = PBXFileReference; fileEncoding = 4; lastKnownFileType = sourcecode.c.h; path = "UIImageView+AFNetworking.h"; sourceTree = "<group>"; };
		984739CE1C1AC9A300E80376 /* UIImageView+AFNetworking.m */ = {isa = PBXFileReference; fileEncoding = 4; lastKnownFileType = sourcecode.c.objc; path = "UIImageView+AFNetworking.m"; sourceTree = "<group>"; };
		984739CF1C1AC9A300E80376 /* UIKit+AFNetworking.h */ = {isa = PBXFileReference; fileEncoding = 4; lastKnownFileType = sourcecode.c.h; path = "UIKit+AFNetworking.h"; sourceTree = "<group>"; };
		984739D01C1AC9A300E80376 /* UIProgressView+AFNetworking.h */ = {isa = PBXFileReference; fileEncoding = 4; lastKnownFileType = sourcecode.c.h; path = "UIProgressView+AFNetworking.h"; sourceTree = "<group>"; };
		984739D11C1AC9A300E80376 /* UIProgressView+AFNetworking.m */ = {isa = PBXFileReference; fileEncoding = 4; lastKnownFileType = sourcecode.c.objc; path = "UIProgressView+AFNetworking.m"; sourceTree = "<group>"; };
		984739D21C1AC9A300E80376 /* UIRefreshControl+AFNetworking.h */ = {isa = PBXFileReference; fileEncoding = 4; lastKnownFileType = sourcecode.c.h; path = "UIRefreshControl+AFNetworking.h"; sourceTree = "<group>"; };
		984739D31C1AC9A300E80376 /* UIRefreshControl+AFNetworking.m */ = {isa = PBXFileReference; fileEncoding = 4; lastKnownFileType = sourcecode.c.objc; path = "UIRefreshControl+AFNetworking.m"; sourceTree = "<group>"; };
		984739D41C1AC9A300E80376 /* UIWebView+AFNetworking.h */ = {isa = PBXFileReference; fileEncoding = 4; lastKnownFileType = sourcecode.c.h; path = "UIWebView+AFNetworking.h"; sourceTree = "<group>"; };
		984739D51C1AC9A300E80376 /* UIWebView+AFNetworking.m */ = {isa = PBXFileReference; fileEncoding = 4; lastKnownFileType = sourcecode.c.objc; path = "UIWebView+AFNetworking.m"; sourceTree = "<group>"; };
		9847F0941C194F09005D72A9 /* en */ = {isa = PBXFileReference; lastKnownFileType = text.plist.strings; name = en; path = en.lproj/InfoPlist.strings; sourceTree = "<group>"; };
		9847F0961C194F0A005D72A9 /* zh-Hans */ = {isa = PBXFileReference; lastKnownFileType = text.plist.strings; name = "zh-Hans"; path = "zh-Hans.lproj/InfoPlist.strings"; sourceTree = "<group>"; };
		9847F0971C194F0B005D72A9 /* zh-Hant */ = {isa = PBXFileReference; lastKnownFileType = text.plist.strings; name = "zh-Hant"; path = "zh-Hant.lproj/InfoPlist.strings"; sourceTree = "<group>"; };
		9847F0A51C195798005D72A9 /* Base */ = {isa = PBXFileReference; lastKnownFileType = file.xib; name = Base; path = Base.lproj/PhoneVC.xib; sourceTree = "<group>"; };
		9847F0AF1C1958C6005D72A9 /* en */ = {isa = PBXFileReference; lastKnownFileType = text.plist.strings; name = en; path = en.lproj/Localizable.strings; sourceTree = "<group>"; };
		98539A5F1C1FBFBB00DA7699 /* Waiting.swift */ = {isa = PBXFileReference; fileEncoding = 4; lastKnownFileType = sourcecode.swift; path = Waiting.swift; sourceTree = "<group>"; };
		98539A611C1FDA0B00DA7699 /* wait.gif */ = {isa = PBXFileReference; lastKnownFileType = image.gif; path = wait.gif; sourceTree = "<group>"; };
		985F9A581C2159FC00FFE955 /* AddRoomCell.swift */ = {isa = PBXFileReference; fileEncoding = 4; lastKnownFileType = sourcecode.swift; path = AddRoomCell.swift; sourceTree = "<group>"; };
		985F9A591C2159FC00FFE955 /* AddRoomCell.xib */ = {isa = PBXFileReference; fileEncoding = 4; lastKnownFileType = file.xib; path = AddRoomCell.xib; sourceTree = "<group>"; };
		985F9A5B1C2159FC00FFE955 /* FloorRoomCell.swift */ = {isa = PBXFileReference; fileEncoding = 4; lastKnownFileType = sourcecode.swift; path = FloorRoomCell.swift; sourceTree = "<group>"; };
		985F9A5C1C2159FC00FFE955 /* FloorRoomCell.xib */ = {isa = PBXFileReference; fileEncoding = 4; lastKnownFileType = file.xib; path = FloorRoomCell.xib; sourceTree = "<group>"; };
		985F9A5D1C2159FC00FFE955 /* FloorViewController.swift */ = {isa = PBXFileReference; fileEncoding = 4; lastKnownFileType = sourcecode.swift; path = FloorViewController.swift; sourceTree = "<group>"; };
		985F9A5E1C2159FC00FFE955 /* FloorViewController.xib */ = {isa = PBXFileReference; fileEncoding = 4; lastKnownFileType = file.xib; path = FloorViewController.xib; sourceTree = "<group>"; };
		985F9A5F1C2159FC00FFE955 /* RoomAndFloorCell.swift */ = {isa = PBXFileReference; fileEncoding = 4; lastKnownFileType = sourcecode.swift; path = RoomAndFloorCell.swift; sourceTree = "<group>"; };
		985F9A601C2159FC00FFE955 /* RoomAndFloorCell.xib */ = {isa = PBXFileReference; fileEncoding = 4; lastKnownFileType = file.xib; path = RoomAndFloorCell.xib; sourceTree = "<group>"; };
		985F9A611C2159FC00FFE955 /* RoomAndRenameVC.swift */ = {isa = PBXFileReference; fileEncoding = 4; lastKnownFileType = sourcecode.swift; path = RoomAndRenameVC.swift; sourceTree = "<group>"; };
		985F9A621C2159FC00FFE955 /* RoomAndRenameVC.xib */ = {isa = PBXFileReference; fileEncoding = 4; lastKnownFileType = file.xib; path = RoomAndRenameVC.xib; sourceTree = "<group>"; };
		985F9A6E1C215B6E00FFE955 /* EditView.swift */ = {isa = PBXFileReference; fileEncoding = 4; lastKnownFileType = sourcecode.swift; path = EditView.swift; sourceTree = "<group>"; };
		985F9A741C215D9F00FFE955 /* CreatHomeVC.swift */ = {isa = PBXFileReference; fileEncoding = 4; lastKnownFileType = sourcecode.swift; path = CreatHomeVC.swift; sourceTree = "<group>"; };
		985F9A751C215D9F00FFE955 /* CreatHomeVC.xib */ = {isa = PBXFileReference; fileEncoding = 4; lastKnownFileType = file.xib; path = CreatHomeVC.xib; sourceTree = "<group>"; };
		985F9A781C215DBA00FFE955 /* CreatRootVC.swift */ = {isa = PBXFileReference; fileEncoding = 4; lastKnownFileType = sourcecode.swift; path = CreatRootVC.swift; sourceTree = "<group>"; };
		985F9A791C215DBA00FFE955 /* CreatRootVC.xib */ = {isa = PBXFileReference; fileEncoding = 4; lastKnownFileType = file.xib; path = CreatRootVC.xib; sourceTree = "<group>"; };
		985F9A801C21632B00FFE955 /* HScrollView.h */ = {isa = PBXFileReference; fileEncoding = 4; lastKnownFileType = sourcecode.c.h; path = HScrollView.h; sourceTree = "<group>"; };
		985F9A811C21632B00FFE955 /* HScrollView.m */ = {isa = PBXFileReference; fileEncoding = 4; lastKnownFileType = sourcecode.c.objc; path = HScrollView.m; sourceTree = "<group>"; };
		98B8A39C1C1815BE00A584D3 /* libsqlite3.tbd */ = {isa = PBXFileReference; lastKnownFileType = "sourcecode.text-based-dylib-definition"; name = libsqlite3.tbd; path = usr/lib/libsqlite3.tbd; sourceTree = SDKROOT; };
		98B8A39E1C1815E700A584D3 /* libz.tbd */ = {isa = PBXFileReference; lastKnownFileType = "sourcecode.text-based-dylib-definition"; name = libz.tbd; path = usr/lib/libz.tbd; sourceTree = SDKROOT; };
		98B8A3A01C1815FF00A584D3 /* libc++.tbd */ = {isa = PBXFileReference; lastKnownFileType = "sourcecode.text-based-dylib-definition"; name = "libc++.tbd"; path = "usr/lib/libc++.tbd"; sourceTree = SDKROOT; };
		98E906B51C19594800392450 /* Base */ = {isa = PBXFileReference; lastKnownFileType = file.storyboard; name = Base; path = Base.lproj/LaunchScreen.storyboard; sourceTree = "<group>"; };
		98E906BF1C19694100392450 /* Tools.swift */ = {isa = PBXFileReference; fileEncoding = 4; lastKnownFileType = sourcecode.swift; path = Tools.swift; sourceTree = "<group>"; };
		98FD77AA1C1E5B530079E5A7 /* UserModel.swift */ = {isa = PBXFileReference; fileEncoding = 4; lastKnownFileType = sourcecode.swift; path = UserModel.swift; sourceTree = "<group>"; };
		98FD77AC1C1E694B0079E5A7 /* SmartHome-Bridging-Header.h */ = {isa = PBXFileReference; fileEncoding = 4; lastKnownFileType = sourcecode.c.h; path = "SmartHome-Bridging-Header.h"; sourceTree = "<group>"; };
		C21E158A1C18063B00C45854 /* SuccessVC.swift */ = {isa = PBXFileReference; fileEncoding = 4; lastKnownFileType = sourcecode.swift; path = SuccessVC.swift; sourceTree = "<group>"; };
		C21E158B1C18063B00C45854 /* SuccessVC.xib */ = {isa = PBXFileReference; fileEncoding = 4; lastKnownFileType = file.xib; path = SuccessVC.xib; sourceTree = "<group>"; };
		C21E158E1C18065200C45854 /* FailedVC.swift */ = {isa = PBXFileReference; fileEncoding = 4; lastKnownFileType = sourcecode.swift; path = FailedVC.swift; sourceTree = "<group>"; };
		C21E158F1C18065200C45854 /* FailedVC.xib */ = {isa = PBXFileReference; fileEncoding = 4; lastKnownFileType = file.xib; path = FailedVC.xib; sourceTree = "<group>"; };
		C21E15921C1806FE00C45854 /* SetModelVC.swift */ = {isa = PBXFileReference; fileEncoding = 4; lastKnownFileType = sourcecode.swift; path = SetModelVC.swift; sourceTree = "<group>"; };
		C21E15931C1806FE00C45854 /* SetModelVC.xib */ = {isa = PBXFileReference; fileEncoding = 4; lastKnownFileType = file.xib; path = SetModelVC.xib; sourceTree = "<group>"; };
		C24FD2381C18043600B16BF2 /* NSString+Contains.h */ = {isa = PBXFileReference; fileEncoding = 4; lastKnownFileType = sourcecode.c.h; path = "NSString+Contains.h"; sourceTree = "<group>"; };
		C24FD2391C18043600B16BF2 /* NSString+Contains.m */ = {isa = PBXFileReference; fileEncoding = 4; lastKnownFileType = sourcecode.c.objc; path = "NSString+Contains.m"; sourceTree = "<group>"; };
		C24FD2421C18043600B16BF2 /* GlobalVariables.swift */ = {isa = PBXFileReference; fileEncoding = 4; lastKnownFileType = sourcecode.swift; path = GlobalVariables.swift; sourceTree = "<group>"; };
		C24FD2471C18043600B16BF2 /* HomeVC.swift */ = {isa = PBXFileReference; fileEncoding = 4; lastKnownFileType = sourcecode.swift; path = HomeVC.swift; sourceTree = "<group>"; };
		C24FD2481C18043600B16BF2 /* HomeVC.xib */ = {isa = PBXFileReference; fileEncoding = 4; lastKnownFileType = file.xib; path = HomeVC.xib; sourceTree = "<group>"; };
		C24FD24A1C18043600B16BF2 /* LoginVC.swift */ = {isa = PBXFileReference; fileEncoding = 4; lastKnownFileType = sourcecode.swift; path = LoginVC.swift; sourceTree = "<group>"; };
		C24FD24B1C18043600B16BF2 /* LoginVC.xib */ = {isa = PBXFileReference; fileEncoding = 4; lastKnownFileType = file.xib; path = LoginVC.xib; sourceTree = "<group>"; };
		C24FD24C1C18043600B16BF2 /* PassWordVC.swift */ = {isa = PBXFileReference; fileEncoding = 4; lastKnownFileType = sourcecode.swift; path = PassWordVC.swift; sourceTree = "<group>"; };
		C24FD24D1C18043600B16BF2 /* PassWordVC.xib */ = {isa = PBXFileReference; fileEncoding = 4; lastKnownFileType = file.xib; path = PassWordVC.xib; sourceTree = "<group>"; };
		C24FD24E1C18043600B16BF2 /* PhoneVC.swift */ = {isa = PBXFileReference; fileEncoding = 4; lastKnownFileType = sourcecode.swift; path = PhoneVC.swift; sourceTree = "<group>"; };
		C24FD2501C18043600B16BF2 /* VCodeVC.swift */ = {isa = PBXFileReference; fileEncoding = 4; lastKnownFileType = sourcecode.swift; path = VCodeVC.swift; sourceTree = "<group>"; };
		C24FD2511C18043600B16BF2 /* VCodeVC.xib */ = {isa = PBXFileReference; fileEncoding = 4; lastKnownFileType = file.xib; path = VCodeVC.xib; sourceTree = "<group>"; };
		C24FD2531C18043600B16BF2 /* MallVC.swift */ = {isa = PBXFileReference; fileEncoding = 4; lastKnownFileType = sourcecode.swift; path = MallVC.swift; sourceTree = "<group>"; };
		C24FD2541C18043600B16BF2 /* MallVC.xib */ = {isa = PBXFileReference; fileEncoding = 4; lastKnownFileType = file.xib; path = MallVC.xib; sourceTree = "<group>"; };
		C24FD2561C18043600B16BF2 /* MineVC.swift */ = {isa = PBXFileReference; fileEncoding = 4; lastKnownFileType = sourcecode.swift; path = MineVC.swift; sourceTree = "<group>"; };
		C24FD2571C18043600B16BF2 /* MineVC.xib */ = {isa = PBXFileReference; fileEncoding = 4; lastKnownFileType = file.xib; path = MineVC.xib; sourceTree = "<group>"; };
		C24FD25A1C18043600B16BF2 /* AllDeviceListVC.swift */ = {isa = PBXFileReference; fileEncoding = 4; lastKnownFileType = sourcecode.swift; path = AllDeviceListVC.swift; sourceTree = "<group>"; };
		C24FD25B1C18043600B16BF2 /* AllDeviceListVC.xib */ = {isa = PBXFileReference; fileEncoding = 4; lastKnownFileType = file.xib; path = AllDeviceListVC.xib; sourceTree = "<group>"; };
		C24FD25C1C18043600B16BF2 /* CreateChooseVC.swift */ = {isa = PBXFileReference; fileEncoding = 4; lastKnownFileType = sourcecode.swift; path = CreateChooseVC.swift; sourceTree = "<group>"; };
		C24FD25D1C18043600B16BF2 /* CreateChooseVC.xib */ = {isa = PBXFileReference; fileEncoding = 4; lastKnownFileType = file.xib; path = CreateChooseVC.xib; sourceTree = "<group>"; };
		C24FD25E1C18043600B16BF2 /* DeviceIconVC.swift */ = {isa = PBXFileReference; fileEncoding = 4; lastKnownFileType = sourcecode.swift; path = DeviceIconVC.swift; sourceTree = "<group>"; };
		C24FD25F1C18043600B16BF2 /* DeviceIconVC.xib */ = {isa = PBXFileReference; fileEncoding = 4; lastKnownFileType = file.xib; path = DeviceIconVC.xib; sourceTree = "<group>"; };
		C24FD2601C18043600B16BF2 /* SetDeviceVC.swift */ = {isa = PBXFileReference; fileEncoding = 4; lastKnownFileType = sourcecode.swift; path = SetDeviceVC.swift; sourceTree = "<group>"; };
		C24FD2611C18043600B16BF2 /* SetDeviceVC.xib */ = {isa = PBXFileReference; fileEncoding = 4; lastKnownFileType = file.xib; path = SetDeviceVC.xib; sourceTree = "<group>"; };
		C24FD2621C18043600B16BF2 /* SetFloor.swift */ = {isa = PBXFileReference; fileEncoding = 4; lastKnownFileType = sourcecode.swift; path = SetFloor.swift; sourceTree = "<group>"; };
		C24FD2631C18043600B16BF2 /* SetFloor.xib */ = {isa = PBXFileReference; fileEncoding = 4; lastKnownFileType = file.xib; path = SetFloor.xib; sourceTree = "<group>"; };
		C24FD2641C18043600B16BF2 /* SetRomeVC.swift */ = {isa = PBXFileReference; fileEncoding = 4; lastKnownFileType = sourcecode.swift; path = SetRomeVC.swift; sourceTree = "<group>"; };
		C24FD2651C18043600B16BF2 /* SetRomeVC.xib */ = {isa = PBXFileReference; fileEncoding = 4; lastKnownFileType = file.xib; path = SetRomeVC.xib; sourceTree = "<group>"; };
		C24FD2691C18043600B16BF2 /* GexinSdk.h */ = {isa = PBXFileReference; fileEncoding = 4; lastKnownFileType = sourcecode.c.h; path = GexinSdk.h; sourceTree = "<group>"; };
		C24FD26A1C18043600B16BF2 /* GXSdkError.h */ = {isa = PBXFileReference; fileEncoding = 4; lastKnownFileType = sourcecode.c.h; path = GXSdkError.h; sourceTree = "<group>"; };
		C24FD26B1C18043600B16BF2 /* libGexinSdk-1.1.1.a */ = {isa = PBXFileReference; lastKnownFileType = archive.ar; path = "libGexinSdk-1.1.1.a"; sourceTree = "<group>"; };
		C24FD2721C18043600B16BF2 /* QRCameraSwitchButton.h */ = {isa = PBXFileReference; fileEncoding = 4; lastKnownFileType = sourcecode.c.h; path = QRCameraSwitchButton.h; sourceTree = "<group>"; };
		C24FD2731C18043600B16BF2 /* QRCameraSwitchButton.m */ = {isa = PBXFileReference; fileEncoding = 4; lastKnownFileType = sourcecode.c.objc; path = QRCameraSwitchButton.m; sourceTree = "<group>"; };
		C24FD2741C18043600B16BF2 /* QRCodeReader.h */ = {isa = PBXFileReference; fileEncoding = 4; lastKnownFileType = sourcecode.c.h; path = QRCodeReader.h; sourceTree = "<group>"; };
		C24FD2751C18043600B16BF2 /* QRCodeReader.m */ = {isa = PBXFileReference; fileEncoding = 4; lastKnownFileType = sourcecode.c.objc; path = QRCodeReader.m; sourceTree = "<group>"; };
		C24FD2761C18043600B16BF2 /* QRCodeReaderDelegate.h */ = {isa = PBXFileReference; fileEncoding = 4; lastKnownFileType = sourcecode.c.h; path = QRCodeReaderDelegate.h; sourceTree = "<group>"; };
		C24FD2771C18043600B16BF2 /* QRCodeReaderView.h */ = {isa = PBXFileReference; fileEncoding = 4; lastKnownFileType = sourcecode.c.h; path = QRCodeReaderView.h; sourceTree = "<group>"; };
		C24FD2781C18043600B16BF2 /* QRCodeReaderView.m */ = {isa = PBXFileReference; fileEncoding = 4; lastKnownFileType = sourcecode.c.objc; path = QRCodeReaderView.m; sourceTree = "<group>"; };
		C24FD2791C18043600B16BF2 /* QRCodeReaderViewController.h */ = {isa = PBXFileReference; fileEncoding = 4; lastKnownFileType = sourcecode.c.h; path = QRCodeReaderViewController.h; sourceTree = "<group>"; };
		C24FD27A1C18043600B16BF2 /* QRCodeReaderViewController.m */ = {isa = PBXFileReference; fileEncoding = 4; lastKnownFileType = sourcecode.c.objc; path = QRCodeReaderViewController.m; sourceTree = "<group>"; };
		C24FD27C1C18043600B16BF2 /* MKAnnotationView+WebCache.h */ = {isa = PBXFileReference; fileEncoding = 4; lastKnownFileType = sourcecode.c.h; path = "MKAnnotationView+WebCache.h"; sourceTree = "<group>"; };
		C24FD27D1C18043600B16BF2 /* MKAnnotationView+WebCache.m */ = {isa = PBXFileReference; fileEncoding = 4; lastKnownFileType = sourcecode.c.objc; path = "MKAnnotationView+WebCache.m"; sourceTree = "<group>"; };
		C24FD27E1C18043700B16BF2 /* NSData+ImageContentType.h */ = {isa = PBXFileReference; fileEncoding = 4; lastKnownFileType = sourcecode.c.h; path = "NSData+ImageContentType.h"; sourceTree = "<group>"; };
		C24FD27F1C18043700B16BF2 /* NSData+ImageContentType.m */ = {isa = PBXFileReference; fileEncoding = 4; lastKnownFileType = sourcecode.c.objc; path = "NSData+ImageContentType.m"; sourceTree = "<group>"; };
		C24FD2801C18043700B16BF2 /* SDImageCache.h */ = {isa = PBXFileReference; fileEncoding = 4; lastKnownFileType = sourcecode.c.h; path = SDImageCache.h; sourceTree = "<group>"; };
		C24FD2811C18043700B16BF2 /* SDImageCache.m */ = {isa = PBXFileReference; fileEncoding = 4; lastKnownFileType = sourcecode.c.objc; path = SDImageCache.m; sourceTree = "<group>"; };
		C24FD2821C18043700B16BF2 /* SDWebImageCompat.h */ = {isa = PBXFileReference; fileEncoding = 4; lastKnownFileType = sourcecode.c.h; path = SDWebImageCompat.h; sourceTree = "<group>"; };
		C24FD2831C18043700B16BF2 /* SDWebImageCompat.m */ = {isa = PBXFileReference; fileEncoding = 4; lastKnownFileType = sourcecode.c.objc; path = SDWebImageCompat.m; sourceTree = "<group>"; };
		C24FD2841C18043700B16BF2 /* SDWebImageDecoder.h */ = {isa = PBXFileReference; fileEncoding = 4; lastKnownFileType = sourcecode.c.h; path = SDWebImageDecoder.h; sourceTree = "<group>"; };
		C24FD2851C18043700B16BF2 /* SDWebImageDecoder.m */ = {isa = PBXFileReference; fileEncoding = 4; lastKnownFileType = sourcecode.c.objc; path = SDWebImageDecoder.m; sourceTree = "<group>"; };
		C24FD2861C18043700B16BF2 /* SDWebImageDownloader.h */ = {isa = PBXFileReference; fileEncoding = 4; lastKnownFileType = sourcecode.c.h; path = SDWebImageDownloader.h; sourceTree = "<group>"; };
		C24FD2871C18043700B16BF2 /* SDWebImageDownloader.m */ = {isa = PBXFileReference; fileEncoding = 4; lastKnownFileType = sourcecode.c.objc; path = SDWebImageDownloader.m; sourceTree = "<group>"; };
		C24FD2881C18043700B16BF2 /* SDWebImageDownloaderOperation.h */ = {isa = PBXFileReference; fileEncoding = 4; lastKnownFileType = sourcecode.c.h; path = SDWebImageDownloaderOperation.h; sourceTree = "<group>"; };
		C24FD2891C18043700B16BF2 /* SDWebImageDownloaderOperation.m */ = {isa = PBXFileReference; fileEncoding = 4; lastKnownFileType = sourcecode.c.objc; path = SDWebImageDownloaderOperation.m; sourceTree = "<group>"; };
		C24FD28A1C18043700B16BF2 /* SDWebImageManager.h */ = {isa = PBXFileReference; fileEncoding = 4; lastKnownFileType = sourcecode.c.h; path = SDWebImageManager.h; sourceTree = "<group>"; };
		C24FD28B1C18043700B16BF2 /* SDWebImageManager.m */ = {isa = PBXFileReference; fileEncoding = 4; lastKnownFileType = sourcecode.c.objc; path = SDWebImageManager.m; sourceTree = "<group>"; };
		C24FD28C1C18043700B16BF2 /* SDWebImageOperation.h */ = {isa = PBXFileReference; fileEncoding = 4; lastKnownFileType = sourcecode.c.h; path = SDWebImageOperation.h; sourceTree = "<group>"; };
		C24FD28D1C18043700B16BF2 /* SDWebImagePrefetcher.h */ = {isa = PBXFileReference; fileEncoding = 4; lastKnownFileType = sourcecode.c.h; path = SDWebImagePrefetcher.h; sourceTree = "<group>"; };
		C24FD28E1C18043700B16BF2 /* SDWebImagePrefetcher.m */ = {isa = PBXFileReference; fileEncoding = 4; lastKnownFileType = sourcecode.c.objc; path = SDWebImagePrefetcher.m; sourceTree = "<group>"; };
		C24FD28F1C18043700B16BF2 /* UIButton+WebCache.h */ = {isa = PBXFileReference; fileEncoding = 4; lastKnownFileType = sourcecode.c.h; path = "UIButton+WebCache.h"; sourceTree = "<group>"; };
		C24FD2901C18043700B16BF2 /* UIButton+WebCache.m */ = {isa = PBXFileReference; fileEncoding = 4; lastKnownFileType = sourcecode.c.objc; path = "UIButton+WebCache.m"; sourceTree = "<group>"; };
		C24FD2911C18043700B16BF2 /* UIImage+GIF.h */ = {isa = PBXFileReference; fileEncoding = 4; lastKnownFileType = sourcecode.c.h; path = "UIImage+GIF.h"; sourceTree = "<group>"; };
		C24FD2921C18043700B16BF2 /* UIImage+GIF.m */ = {isa = PBXFileReference; fileEncoding = 4; lastKnownFileType = sourcecode.c.objc; path = "UIImage+GIF.m"; sourceTree = "<group>"; };
		C24FD2931C18043700B16BF2 /* UIImage+MultiFormat.h */ = {isa = PBXFileReference; fileEncoding = 4; lastKnownFileType = sourcecode.c.h; path = "UIImage+MultiFormat.h"; sourceTree = "<group>"; };
		C24FD2941C18043700B16BF2 /* UIImage+MultiFormat.m */ = {isa = PBXFileReference; fileEncoding = 4; lastKnownFileType = sourcecode.c.objc; path = "UIImage+MultiFormat.m"; sourceTree = "<group>"; };
		C24FD2951C18043700B16BF2 /* UIImage+WebP.h */ = {isa = PBXFileReference; fileEncoding = 4; lastKnownFileType = sourcecode.c.h; path = "UIImage+WebP.h"; sourceTree = "<group>"; };
		C24FD2961C18043700B16BF2 /* UIImage+WebP.m */ = {isa = PBXFileReference; fileEncoding = 4; lastKnownFileType = sourcecode.c.objc; path = "UIImage+WebP.m"; sourceTree = "<group>"; };
		C24FD2971C18043700B16BF2 /* UIImageView+HighlightedWebCache.h */ = {isa = PBXFileReference; fileEncoding = 4; lastKnownFileType = sourcecode.c.h; path = "UIImageView+HighlightedWebCache.h"; sourceTree = "<group>"; };
		C24FD2981C18043700B16BF2 /* UIImageView+HighlightedWebCache.m */ = {isa = PBXFileReference; fileEncoding = 4; lastKnownFileType = sourcecode.c.objc; path = "UIImageView+HighlightedWebCache.m"; sourceTree = "<group>"; };
		C24FD2991C18043700B16BF2 /* UIImageView+WebCache.h */ = {isa = PBXFileReference; fileEncoding = 4; lastKnownFileType = sourcecode.c.h; path = "UIImageView+WebCache.h"; sourceTree = "<group>"; };
		C24FD29A1C18043700B16BF2 /* UIImageView+WebCache.m */ = {isa = PBXFileReference; fileEncoding = 4; lastKnownFileType = sourcecode.c.objc; path = "UIImageView+WebCache.m"; sourceTree = "<group>"; };
		C24FD29B1C18043700B16BF2 /* UIView+WebCacheOperation.h */ = {isa = PBXFileReference; fileEncoding = 4; lastKnownFileType = sourcecode.c.h; path = "UIView+WebCacheOperation.h"; sourceTree = "<group>"; };
		C24FD29C1C18043700B16BF2 /* UIView+WebCacheOperation.m */ = {isa = PBXFileReference; fileEncoding = 4; lastKnownFileType = sourcecode.c.objc; path = "UIView+WebCacheOperation.m"; sourceTree = "<group>"; };
/* End PBXFileReference section */

/* Begin PBXFrameworksBuildPhase section */
		980A92EF1C17B440009166D0 /* Frameworks */ = {
			isa = PBXFrameworksBuildPhase;
			buildActionMask = 2147483647;
			files = (
				98B8A3A11C1815FF00A584D3 /* libc++.tbd in Frameworks */,
				98B8A39F1C1815E700A584D3 /* libz.tbd in Frameworks */,
				98B8A39D1C1815BE00A584D3 /* libsqlite3.tbd in Frameworks */,
				C24FD2BD1C18043700B16BF2 /* libGexinSdk-1.1.1.a in Frameworks */,
			);
			runOnlyForDeploymentPostprocessing = 0;
		};
		980A93061C17B441009166D0 /* Frameworks */ = {
			isa = PBXFrameworksBuildPhase;
			buildActionMask = 2147483647;
			files = (
			);
			runOnlyForDeploymentPostprocessing = 0;
		};
		980A93111C17B441009166D0 /* Frameworks */ = {
			isa = PBXFrameworksBuildPhase;
			buildActionMask = 2147483647;
			files = (
			);
			runOnlyForDeploymentPostprocessing = 0;
		};
/* End PBXFrameworksBuildPhase section */

/* Begin PBXGroup section */
		980474721C23B54B00B3966D /* cell */ = {
			isa = PBXGroup;
			children = (
				980474661C23B51B00B3966D /* ItemCell.swift */,
				980474671C23B51B00B3966D /* ItemCell.xib */,
				9804746E1C23B54000B3966D /* AddCell.swift */,
				9804746F1C23B54000B3966D /* AddCell.xib */,
			);
			name = cell;
			sourceTree = "<group>";
		};
		9806CD461C2124970038A8E0 /* Resources */ = {
			isa = PBXGroup;
			children = (
				9806CD471C2124C90038A8E0 /* 引导页.jpg */,
			);
			path = Resources;
			sourceTree = "<group>";
		};
		980A92E91C17B440009166D0 = {
			isa = PBXGroup;
			children = (
				9847F0951C194F09005D72A9 /* InfoPlist.strings */,
				980353A91C19499E00A2C6A8 /* Localizable.strings */,
				98B8A3A01C1815FF00A584D3 /* libc++.tbd */,
				98B8A39E1C1815E700A584D3 /* libz.tbd */,
				98B8A39C1C1815BE00A584D3 /* libsqlite3.tbd */,
				980A92F41C17B440009166D0 /* SmartHome */,
				980A930C1C17B441009166D0 /* SmartHomeTests */,
				980A93171C17B441009166D0 /* SmartHomeUITests */,
				980A92F31C17B440009166D0 /* Products */,
			);
			sourceTree = "<group>";
		};
		980A92F31C17B440009166D0 /* Products */ = {
			isa = PBXGroup;
			children = (
				980A92F21C17B440009166D0 /* SmartHome.app */,
				980A93091C17B441009166D0 /* SmartHomeTests.xctest */,
				980A93141C17B441009166D0 /* SmartHomeUITests.xctest */,
			);
			name = Products;
			sourceTree = "<group>";
		};
		980A92F41C17B440009166D0 /* SmartHome */ = {
			isa = PBXGroup;
			children = (
				98FD77AC1C1E694B0079E5A7 /* SmartHome-Bridging-Header.h */,
				980A92F51C17B440009166D0 /* AppDelegate.swift */,
				9806CD461C2124970038A8E0 /* Resources */,
				98FD77A91C1E5B440079E5A7 /* Model */,
				C24FD2361C18043600B16BF2 /* General */,
				C24FD2411C18043600B16BF2 /* Macro */,
				C24FD2451C18043600B16BF2 /* Sections */,
				C24FD2671C18043600B16BF2 /* Vendors */,
				980A92F91C17B440009166D0 /* Main.storyboard */,
				980A92FF1C17B440009166D0 /* Assets.xcassets */,
				980A93011C17B440009166D0 /* LaunchScreen.storyboard */,
				9803539D1C1947DE00A2C6A8 /* Info.plist */,
				980A92FC1C17B440009166D0 /* SmartHome.xcdatamodeld */,
			);
			path = SmartHome;
			sourceTree = "<group>";
		};
		980A930C1C17B441009166D0 /* SmartHomeTests */ = {
			isa = PBXGroup;
			children = (
				980A930D1C17B441009166D0 /* SmartHomeTests.swift */,
				980A930F1C17B441009166D0 /* Info.plist */,
			);
			path = SmartHomeTests;
			sourceTree = "<group>";
		};
		980A93171C17B441009166D0 /* SmartHomeUITests */ = {
			isa = PBXGroup;
			children = (
				980A93181C17B441009166D0 /* SmartHomeUITests.swift */,
				980A931A1C17B441009166D0 /* Info.plist */,
			);
			path = SmartHomeUITests;
			sourceTree = "<group>";
		};
		984739B01C1AC9A300E80376 /* AFNetworking */ = {
			isa = PBXGroup;
			children = (
				984739B11C1AC9A300E80376 /* AFHTTPRequestOperation.h */,
				984739B21C1AC9A300E80376 /* AFHTTPRequestOperation.m */,
				984739B31C1AC9A300E80376 /* AFHTTPRequestOperationManager.h */,
				984739B41C1AC9A300E80376 /* AFHTTPRequestOperationManager.m */,
				984739B51C1AC9A300E80376 /* AFHTTPSessionManager.h */,
				984739B61C1AC9A300E80376 /* AFHTTPSessionManager.m */,
				984739B71C1AC9A300E80376 /* AFNetworking.h */,
				984739B81C1AC9A300E80376 /* AFNetworkReachabilityManager.h */,
				984739B91C1AC9A300E80376 /* AFNetworkReachabilityManager.m */,
				984739BA1C1AC9A300E80376 /* AFSecurityPolicy.h */,
				984739BB1C1AC9A300E80376 /* AFSecurityPolicy.m */,
				984739BC1C1AC9A300E80376 /* AFURLConnectionOperation.h */,
				984739BD1C1AC9A300E80376 /* AFURLConnectionOperation.m */,
				984739BE1C1AC9A300E80376 /* AFURLRequestSerialization.h */,
				984739BF1C1AC9A300E80376 /* AFURLRequestSerialization.m */,
				984739C01C1AC9A300E80376 /* AFURLResponseSerialization.h */,
				984739C11C1AC9A300E80376 /* AFURLResponseSerialization.m */,
				984739C21C1AC9A300E80376 /* AFURLSessionManager.h */,
				984739C31C1AC9A300E80376 /* AFURLSessionManager.m */,
				984739C41C1AC9A300E80376 /* UIKit+AFNetworking */,
			);
			path = AFNetworking;
			sourceTree = "<group>";
		};
		984739C41C1AC9A300E80376 /* UIKit+AFNetworking */ = {
			isa = PBXGroup;
			children = (
				984739C51C1AC9A300E80376 /* AFNetworkActivityIndicatorManager.h */,
				984739C61C1AC9A300E80376 /* AFNetworkActivityIndicatorManager.m */,
				984739C71C1AC9A300E80376 /* UIActivityIndicatorView+AFNetworking.h */,
				984739C81C1AC9A300E80376 /* UIActivityIndicatorView+AFNetworking.m */,
				984739C91C1AC9A300E80376 /* UIAlertView+AFNetworking.h */,
				984739CA1C1AC9A300E80376 /* UIAlertView+AFNetworking.m */,
				984739CB1C1AC9A300E80376 /* UIButton+AFNetworking.h */,
				984739CC1C1AC9A300E80376 /* UIButton+AFNetworking.m */,
				984739CD1C1AC9A300E80376 /* UIImageView+AFNetworking.h */,
				984739CE1C1AC9A300E80376 /* UIImageView+AFNetworking.m */,
				984739CF1C1AC9A300E80376 /* UIKit+AFNetworking.h */,
				984739D01C1AC9A300E80376 /* UIProgressView+AFNetworking.h */,
				984739D11C1AC9A300E80376 /* UIProgressView+AFNetworking.m */,
				984739D21C1AC9A300E80376 /* UIRefreshControl+AFNetworking.h */,
				984739D31C1AC9A300E80376 /* UIRefreshControl+AFNetworking.m */,
				984739D41C1AC9A300E80376 /* UIWebView+AFNetworking.h */,
				984739D51C1AC9A300E80376 /* UIWebView+AFNetworking.m */,
			);
			path = "UIKit+AFNetworking";
			sourceTree = "<group>";
		};
		985F9A7F1C21632B00FFE955 /* scroll */ = {
			isa = PBXGroup;
			children = (
				985F9A801C21632B00FFE955 /* HScrollView.h */,
				985F9A811C21632B00FFE955 /* HScrollView.m */,
			);
			path = scroll;
			sourceTree = "<group>";
		};
		98E906BE1C19693600392450 /* Classes */ = {
			isa = PBXGroup;
			children = (
				9806CD3F1C210FF30038A8E0 /* GuideViewController.h */,
				9806CD401C210FF30038A8E0 /* GuideViewController.m */,
				98E906BF1C19694100392450 /* Tools.swift */,
			);
			path = Classes;
			sourceTree = "<group>";
		};
		98FD77A91C1E5B440079E5A7 /* Model */ = {
			isa = PBXGroup;
			children = (
				98FD77AA1C1E5B530079E5A7 /* UserModel.swift */,
			);
			path = Model;
			sourceTree = "<group>";
		};
		C21E15961C181B3200C45854 /* Creat */ = {
			isa = PBXGroup;
			children = (
				985F9A581C2159FC00FFE955 /* AddRoomCell.swift */,
				985F9A591C2159FC00FFE955 /* AddRoomCell.xib */,
				985F9A5B1C2159FC00FFE955 /* FloorRoomCell.swift */,
				985F9A5C1C2159FC00FFE955 /* FloorRoomCell.xib */,
				985F9A5D1C2159FC00FFE955 /* FloorViewController.swift */,
				985F9A5E1C2159FC00FFE955 /* FloorViewController.xib */,
				985F9A5F1C2159FC00FFE955 /* RoomAndFloorCell.swift */,
				985F9A601C2159FC00FFE955 /* RoomAndFloorCell.xib */,
				985F9A611C2159FC00FFE955 /* RoomAndRenameVC.swift */,
				985F9A621C2159FC00FFE955 /* RoomAndRenameVC.xib */,
				985F9A741C215D9F00FFE955 /* CreatHomeVC.swift */,
				985F9A751C215D9F00FFE955 /* CreatHomeVC.xib */,
				985F9A781C215DBA00FFE955 /* CreatRootVC.swift */,
				985F9A791C215DBA00FFE955 /* CreatRootVC.xib */,
			);
			path = Creat;
			sourceTree = "<group>";
		};
		C24FD2361C18043600B16BF2 /* General */ = {
			isa = PBXGroup;
			children = (
				98E906BE1C19693600392450 /* Classes */,
				C24FD2371C18043600B16BF2 /* Categories */,
				C24FD23B1C18043600B16BF2 /* Views */,
			);
			path = General;
			sourceTree = "<group>";
		};
		C24FD2371C18043600B16BF2 /* Categories */ = {
			isa = PBXGroup;
			children = (
				C24FD2381C18043600B16BF2 /* NSString+Contains.h */,
				C24FD2391C18043600B16BF2 /* NSString+Contains.m */,
			);
			path = Categories;
			sourceTree = "<group>";
		};
		C24FD23B1C18043600B16BF2 /* Views */ = {
			isa = PBXGroup;
			children = (
				980474721C23B54B00B3966D /* cell */,
				9804745F1C23931200B3966D /* SZLSideView.h */,
				980474601C23931200B3966D /* SZLSideView.m */,
				980474611C23931200B3966D /* SZLSideView.xib */,
				985F9A6E1C215B6E00FFE955 /* EditView.swift */,
				C21E158A1C18063B00C45854 /* SuccessVC.swift */,
				C21E158B1C18063B00C45854 /* SuccessVC.xib */,
				C21E158E1C18065200C45854 /* FailedVC.swift */,
				C21E158F1C18065200C45854 /* FailedVC.xib */,
				98539A611C1FDA0B00DA7699 /* wait.gif */,
				98539A5F1C1FBFBB00DA7699 /* Waiting.swift */,
				980474641C23A52D00B3966D /* RoomListItem.swift */,
			);
			path = Views;
			sourceTree = "<group>";
		};
		C24FD2411C18043600B16BF2 /* Macro */ = {
			isa = PBXGroup;
			children = (
				C24FD2421C18043600B16BF2 /* GlobalVariables.swift */,
				983FE2E81C1821B6004B89CE /* Helper.swift */,
			);
			path = Macro;
			sourceTree = "<group>";
		};
		C24FD2451C18043600B16BF2 /* Sections */ = {
			isa = PBXGroup;
			children = (
				C21E15961C181B3200C45854 /* Creat */,
				C24FD2461C18043600B16BF2 /* Home */,
				C24FD2491C18043600B16BF2 /* login&reg&reset&modify */,
				C24FD2521C18043600B16BF2 /* mall */,
				C24FD2551C18043600B16BF2 /* mine */,
				C24FD2581C18043600B16BF2 /* setModel */,
				C24FD2591C18043600B16BF2 /* setRome&Device */,
			);
			path = Sections;
			sourceTree = "<group>";
		};
		C24FD2461C18043600B16BF2 /* Home */ = {
			isa = PBXGroup;
			children = (
				985F9A7F1C21632B00FFE955 /* scroll */,
				C24FD2471C18043600B16BF2 /* HomeVC.swift */,
				C24FD2481C18043600B16BF2 /* HomeVC.xib */,
			);
			path = Home;
			sourceTree = "<group>";
		};
		C24FD2491C18043600B16BF2 /* login&reg&reset&modify */ = {
			isa = PBXGroup;
			children = (
				C24FD2511C18043600B16BF2 /* VCodeVC.xib */,
				C24FD24A1C18043600B16BF2 /* LoginVC.swift */,
				C24FD24B1C18043600B16BF2 /* LoginVC.xib */,
				C24FD24C1C18043600B16BF2 /* PassWordVC.swift */,
				C24FD24D1C18043600B16BF2 /* PassWordVC.xib */,
				C24FD24E1C18043600B16BF2 /* PhoneVC.swift */,
				9847F09A1C19577C005D72A9 /* PhoneVC.xib */,
				C24FD2501C18043600B16BF2 /* VCodeVC.swift */,
			);
			path = "login&reg&reset&modify";
			sourceTree = "<group>";
		};
		C24FD2521C18043600B16BF2 /* mall */ = {
			isa = PBXGroup;
			children = (
				C24FD2531C18043600B16BF2 /* MallVC.swift */,
				C24FD2541C18043600B16BF2 /* MallVC.xib */,
			);
			path = mall;
			sourceTree = "<group>";
		};
		C24FD2551C18043600B16BF2 /* mine */ = {
			isa = PBXGroup;
			children = (
				C24FD2561C18043600B16BF2 /* MineVC.swift */,
				C24FD2571C18043600B16BF2 /* MineVC.xib */,
			);
			path = mine;
			sourceTree = "<group>";
		};
		C24FD2581C18043600B16BF2 /* setModel */ = {
			isa = PBXGroup;
			children = (
				C21E15921C1806FE00C45854 /* SetModelVC.swift */,
				C21E15931C1806FE00C45854 /* SetModelVC.xib */,
			);
			path = setModel;
			sourceTree = "<group>";
		};
		C24FD2591C18043600B16BF2 /* setRome&Device */ = {
			isa = PBXGroup;
			children = (
				C24FD25A1C18043600B16BF2 /* AllDeviceListVC.swift */,
				C24FD25B1C18043600B16BF2 /* AllDeviceListVC.xib */,
				C24FD25C1C18043600B16BF2 /* CreateChooseVC.swift */,
				C24FD25D1C18043600B16BF2 /* CreateChooseVC.xib */,
				C24FD25E1C18043600B16BF2 /* DeviceIconVC.swift */,
				C24FD25F1C18043600B16BF2 /* DeviceIconVC.xib */,
				C24FD2601C18043600B16BF2 /* SetDeviceVC.swift */,
				C24FD2611C18043600B16BF2 /* SetDeviceVC.xib */,
				C24FD2621C18043600B16BF2 /* SetFloor.swift */,
				C24FD2631C18043600B16BF2 /* SetFloor.xib */,
				C24FD2641C18043600B16BF2 /* SetRomeVC.swift */,
				C24FD2651C18043600B16BF2 /* SetRomeVC.xib */,
			);
			path = "setRome&Device";
			sourceTree = "<group>";
		};
		C24FD2671C18043600B16BF2 /* Vendors */ = {
			isa = PBXGroup;
			children = (
				984739B01C1AC9A300E80376 /* AFNetworking */,
				C24FD2681C18043600B16BF2 /* include */,
				C24FD26B1C18043600B16BF2 /* libGexinSdk-1.1.1.a */,
				C24FD2711C18043600B16BF2 /* QRCodeReaderViewController */,
				C24FD27B1C18043600B16BF2 /* SDWebImage */,
			);
			path = Vendors;
			sourceTree = "<group>";
		};
		C24FD2681C18043600B16BF2 /* include */ = {
			isa = PBXGroup;
			children = (
				C24FD2691C18043600B16BF2 /* GexinSdk.h */,
				C24FD26A1C18043600B16BF2 /* GXSdkError.h */,
			);
			path = include;
			sourceTree = "<group>";
		};
		C24FD2711C18043600B16BF2 /* QRCodeReaderViewController */ = {
			isa = PBXGroup;
			children = (
				C24FD2721C18043600B16BF2 /* QRCameraSwitchButton.h */,
				C24FD2731C18043600B16BF2 /* QRCameraSwitchButton.m */,
				C24FD2741C18043600B16BF2 /* QRCodeReader.h */,
				C24FD2751C18043600B16BF2 /* QRCodeReader.m */,
				C24FD2761C18043600B16BF2 /* QRCodeReaderDelegate.h */,
				C24FD2771C18043600B16BF2 /* QRCodeReaderView.h */,
				C24FD2781C18043600B16BF2 /* QRCodeReaderView.m */,
				C24FD2791C18043600B16BF2 /* QRCodeReaderViewController.h */,
				C24FD27A1C18043600B16BF2 /* QRCodeReaderViewController.m */,
			);
			path = QRCodeReaderViewController;
			sourceTree = "<group>";
		};
		C24FD27B1C18043600B16BF2 /* SDWebImage */ = {
			isa = PBXGroup;
			children = (
				C24FD27C1C18043600B16BF2 /* MKAnnotationView+WebCache.h */,
				C24FD27D1C18043600B16BF2 /* MKAnnotationView+WebCache.m */,
				C24FD27E1C18043700B16BF2 /* NSData+ImageContentType.h */,
				C24FD27F1C18043700B16BF2 /* NSData+ImageContentType.m */,
				C24FD2801C18043700B16BF2 /* SDImageCache.h */,
				C24FD2811C18043700B16BF2 /* SDImageCache.m */,
				C24FD2821C18043700B16BF2 /* SDWebImageCompat.h */,
				C24FD2831C18043700B16BF2 /* SDWebImageCompat.m */,
				C24FD2841C18043700B16BF2 /* SDWebImageDecoder.h */,
				C24FD2851C18043700B16BF2 /* SDWebImageDecoder.m */,
				C24FD2861C18043700B16BF2 /* SDWebImageDownloader.h */,
				C24FD2871C18043700B16BF2 /* SDWebImageDownloader.m */,
				C24FD2881C18043700B16BF2 /* SDWebImageDownloaderOperation.h */,
				C24FD2891C18043700B16BF2 /* SDWebImageDownloaderOperation.m */,
				C24FD28A1C18043700B16BF2 /* SDWebImageManager.h */,
				C24FD28B1C18043700B16BF2 /* SDWebImageManager.m */,
				C24FD28C1C18043700B16BF2 /* SDWebImageOperation.h */,
				C24FD28D1C18043700B16BF2 /* SDWebImagePrefetcher.h */,
				C24FD28E1C18043700B16BF2 /* SDWebImagePrefetcher.m */,
				C24FD28F1C18043700B16BF2 /* UIButton+WebCache.h */,
				C24FD2901C18043700B16BF2 /* UIButton+WebCache.m */,
				C24FD2911C18043700B16BF2 /* UIImage+GIF.h */,
				C24FD2921C18043700B16BF2 /* UIImage+GIF.m */,
				C24FD2931C18043700B16BF2 /* UIImage+MultiFormat.h */,
				C24FD2941C18043700B16BF2 /* UIImage+MultiFormat.m */,
				C24FD2951C18043700B16BF2 /* UIImage+WebP.h */,
				C24FD2961C18043700B16BF2 /* UIImage+WebP.m */,
				C24FD2971C18043700B16BF2 /* UIImageView+HighlightedWebCache.h */,
				C24FD2981C18043700B16BF2 /* UIImageView+HighlightedWebCache.m */,
				C24FD2991C18043700B16BF2 /* UIImageView+WebCache.h */,
				C24FD29A1C18043700B16BF2 /* UIImageView+WebCache.m */,
				C24FD29B1C18043700B16BF2 /* UIView+WebCacheOperation.h */,
				C24FD29C1C18043700B16BF2 /* UIView+WebCacheOperation.m */,
			);
			path = SDWebImage;
			sourceTree = "<group>";
		};
/* End PBXGroup section */

/* Begin PBXNativeTarget section */
		980A92F11C17B440009166D0 /* SmartHome */ = {
			isa = PBXNativeTarget;
			buildConfigurationList = 980A931D1C17B441009166D0 /* Build configuration list for PBXNativeTarget "SmartHome" */;
			buildPhases = (
				980A92EE1C17B440009166D0 /* Sources */,
				980A92EF1C17B440009166D0 /* Frameworks */,
				980A92F01C17B440009166D0 /* Resources */,
			);
			buildRules = (
			);
			dependencies = (
			);
			name = SmartHome;
			productName = SmartHome;
			productReference = 980A92F21C17B440009166D0 /* SmartHome.app */;
			productType = "com.apple.product-type.application";
		};
		980A93081C17B441009166D0 /* SmartHomeTests */ = {
			isa = PBXNativeTarget;
			buildConfigurationList = 980A93201C17B441009166D0 /* Build configuration list for PBXNativeTarget "SmartHomeTests" */;
			buildPhases = (
				980A93051C17B441009166D0 /* Sources */,
				980A93061C17B441009166D0 /* Frameworks */,
				980A93071C17B441009166D0 /* Resources */,
			);
			buildRules = (
			);
			dependencies = (
				980A930B1C17B441009166D0 /* PBXTargetDependency */,
			);
			name = SmartHomeTests;
			productName = SmartHomeTests;
			productReference = 980A93091C17B441009166D0 /* SmartHomeTests.xctest */;
			productType = "com.apple.product-type.bundle.unit-test";
		};
		980A93131C17B441009166D0 /* SmartHomeUITests */ = {
			isa = PBXNativeTarget;
			buildConfigurationList = 980A93231C17B441009166D0 /* Build configuration list for PBXNativeTarget "SmartHomeUITests" */;
			buildPhases = (
				980A93101C17B441009166D0 /* Sources */,
				980A93111C17B441009166D0 /* Frameworks */,
				980A93121C17B441009166D0 /* Resources */,
			);
			buildRules = (
			);
			dependencies = (
				980A93161C17B441009166D0 /* PBXTargetDependency */,
			);
			name = SmartHomeUITests;
			productName = SmartHomeUITests;
			productReference = 980A93141C17B441009166D0 /* SmartHomeUITests.xctest */;
			productType = "com.apple.product-type.bundle.ui-testing";
		};
/* End PBXNativeTarget section */

/* Begin PBXProject section */
		980A92EA1C17B440009166D0 /* Project object */ = {
			isa = PBXProject;
			attributes = {
				LastSwiftUpdateCheck = 0710;
				LastUpgradeCheck = 0710;
				ORGANIZATIONNAME = sunzl;
				TargetAttributes = {
					980A92F11C17B440009166D0 = {
						CreatedOnToolsVersion = 7.1.1;
						DevelopmentTeam = 92HKWRE9NU;
					};
					980A93081C17B441009166D0 = {
						CreatedOnToolsVersion = 7.1.1;
						TestTargetID = 980A92F11C17B440009166D0;
					};
					980A93131C17B441009166D0 = {
						CreatedOnToolsVersion = 7.1.1;
						TestTargetID = 980A92F11C17B440009166D0;
					};
				};
			};
			buildConfigurationList = 980A92ED1C17B440009166D0 /* Build configuration list for PBXProject "SmartHome" */;
			compatibilityVersion = "Xcode 3.2";
			developmentRegion = English;
			hasScannedForEncodings = 0;
			knownRegions = (
				en,
				Base,
				"zh-Hans",
				"zh-Hant",
			);
			mainGroup = 980A92E91C17B440009166D0;
			productRefGroup = 980A92F31C17B440009166D0 /* Products */;
			projectDirPath = "";
			projectRoot = "";
			targets = (
				980A92F11C17B440009166D0 /* SmartHome */,
				980A93081C17B441009166D0 /* SmartHomeTests */,
				980A93131C17B441009166D0 /* SmartHomeUITests */,
			);
		};
/* End PBXProject section */

/* Begin PBXResourcesBuildPhase section */
		980A92F01C17B440009166D0 /* Resources */ = {
			isa = PBXResourcesBuildPhase;
			buildActionMask = 2147483647;
			files = (
				980474691C23B51B00B3966D /* ItemCell.xib in Resources */,
				C24FD2BA1C18043700B16BF2 /* SetFloor.xib in Resources */,
				985F9A771C215D9F00FFE955 /* CreatHomeVC.xib in Resources */,
				C24FD2B41C18043700B16BF2 /* CreateChooseVC.xib in Resources */,
				C24FD2A41C18043700B16BF2 /* HomeVC.xib in Resources */,
				985F9A641C2159FC00FFE955 /* AddRoomCell.xib in Resources */,
				C24FD2B61C18043700B16BF2 /* DeviceIconVC.xib in Resources */,
				C24FD2BC1C18043700B16BF2 /* SetRomeVC.xib in Resources */,
				C24FD2B81C18043700B16BF2 /* SetDeviceVC.xib in Resources */,
				985F9A7B1C215DBA00FFE955 /* CreatRootVC.xib in Resources */,
				980474631C23931200B3966D /* SZLSideView.xib in Resources */,
				980474711C23B54000B3966D /* AddCell.xib in Resources */,
				C24FD2A81C18043700B16BF2 /* PassWordVC.xib in Resources */,
				9847F0981C19577C005D72A9 /* PhoneVC.xib in Resources */,
				98539A621C1FDA0B00DA7699 /* wait.gif in Resources */,
				C24FD2A61C18043700B16BF2 /* LoginVC.xib in Resources */,
				985F9A6D1C2159FC00FFE955 /* RoomAndRenameVC.xib in Resources */,
				9847F0931C194F09005D72A9 /* InfoPlist.strings in Resources */,
				980A93031C17B440009166D0 /* LaunchScreen.storyboard in Resources */,
				980353A71C19499E00A2C6A8 /* Localizable.strings in Resources */,
				C21E15951C1806FE00C45854 /* SetModelVC.xib in Resources */,
				980A93001C17B440009166D0 /* Assets.xcassets in Resources */,
				9806CD481C2124C90038A8E0 /* 引导页.jpg in Resources */,
				C21E15911C18065200C45854 /* FailedVC.xib in Resources */,
				C21E158D1C18063B00C45854 /* SuccessVC.xib in Resources */,
				C24FD2AC1C18043700B16BF2 /* VCodeVC.xib in Resources */,
				C24FD2B21C18043700B16BF2 /* AllDeviceListVC.xib in Resources */,
				C24FD2B01C18043700B16BF2 /* MineVC.xib in Resources */,
				985F9A6B1C2159FC00FFE955 /* RoomAndFloorCell.xib in Resources */,
				985F9A671C2159FC00FFE955 /* FloorRoomCell.xib in Resources */,
				C24FD2AE1C18043700B16BF2 /* MallVC.xib in Resources */,
				985F9A691C2159FC00FFE955 /* FloorViewController.xib in Resources */,
				980A92FB1C17B440009166D0 /* Main.storyboard in Resources */,
			);
			runOnlyForDeploymentPostprocessing = 0;
		};
		980A93071C17B441009166D0 /* Resources */ = {
			isa = PBXResourcesBuildPhase;
			buildActionMask = 2147483647;
			files = (
			);
			runOnlyForDeploymentPostprocessing = 0;
		};
		980A93121C17B441009166D0 /* Resources */ = {
			isa = PBXResourcesBuildPhase;
			buildActionMask = 2147483647;
			files = (
			);
			runOnlyForDeploymentPostprocessing = 0;
		};
/* End PBXResourcesBuildPhase section */

/* Begin PBXSourcesBuildPhase section */
		980A92EE1C17B440009166D0 /* Sources */ = {
			isa = PBXSourcesBuildPhase;
			buildActionMask = 2147483647;
			files = (
				984739DF1C1AC9A300E80376 /* AFNetworkActivityIndicatorManager.m in Sources */,
				C24FD29D1C18043700B16BF2 /* NSString+Contains.m in Sources */,
				980474681C23B51B00B3966D /* ItemCell.swift in Sources */,
				C24FD2D31C18043700B16BF2 /* UIView+WebCacheOperation.m in Sources */,
				C24FD2A31C18043700B16BF2 /* HomeVC.swift in Sources */,
				984739E11C1AC9A300E80376 /* UIAlertView+AFNetworking.m in Sources */,
				9806CD411C210FF30038A8E0 /* GuideViewController.m in Sources */,
				C24FD2D21C18043700B16BF2 /* UIImageView+WebCache.m in Sources */,
				984739D91C1AC9A300E80376 /* AFNetworkReachabilityManager.m in Sources */,
				C24FD2AB1C18043700B16BF2 /* VCodeVC.swift in Sources */,
				C24FD2B91C18043700B16BF2 /* SetFloor.swift in Sources */,
				C24FD2C51C18043700B16BF2 /* NSData+ImageContentType.m in Sources */,
				C24FD2AF1C18043700B16BF2 /* MineVC.swift in Sources */,
				C24FD2CD1C18043700B16BF2 /* UIButton+WebCache.m in Sources */,
				985F9A6C1C2159FC00FFE955 /* RoomAndRenameVC.swift in Sources */,
				C24FD2CC1C18043700B16BF2 /* SDWebImagePrefetcher.m in Sources */,
				C24FD2A91C18043700B16BF2 /* PhoneVC.swift in Sources */,
				C21E15901C18065200C45854 /* FailedVC.swift in Sources */,
				985F9A821C21632B00FFE955 /* HScrollView.m in Sources */,
				984739D81C1AC9A300E80376 /* AFHTTPSessionManager.m in Sources */,
				C24FD2A51C18043700B16BF2 /* LoginVC.swift in Sources */,
				C24FD2A71C18043700B16BF2 /* PassWordVC.swift in Sources */,
				984739DC1C1AC9A300E80376 /* AFURLRequestSerialization.m in Sources */,
				C24FD2D11C18043700B16BF2 /* UIImageView+HighlightedWebCache.m in Sources */,
				C24FD2C21C18043700B16BF2 /* QRCodeReaderView.m in Sources */,
				984739D71C1AC9A300E80376 /* AFHTTPRequestOperationManager.m in Sources */,
				980474651C23A52D00B3966D /* RoomListItem.swift in Sources */,
				980474621C23931200B3966D /* SZLSideView.m in Sources */,
				C24FD2B71C18043700B16BF2 /* SetDeviceVC.swift in Sources */,
				C24FD2CB1C18043700B16BF2 /* SDWebImageManager.m in Sources */,
				98539A601C1FBFBB00DA7699 /* Waiting.swift in Sources */,
				984739E01C1AC9A300E80376 /* UIActivityIndicatorView+AFNetworking.m in Sources */,
				985F9A661C2159FC00FFE955 /* FloorRoomCell.swift in Sources */,
				C24FD2AD1C18043700B16BF2 /* MallVC.swift in Sources */,
				C24FD2BB1C18043700B16BF2 /* SetRomeVC.swift in Sources */,
				984739E31C1AC9A300E80376 /* UIImageView+AFNetworking.m in Sources */,
				C21E158C1C18063B00C45854 /* SuccessVC.swift in Sources */,
				C24FD2C11C18043700B16BF2 /* QRCodeReader.m in Sources */,
				984739E21C1AC9A300E80376 /* UIButton+AFNetworking.m in Sources */,
				984739E61C1AC9A300E80376 /* UIWebView+AFNetworking.m in Sources */,
				C24FD2CE1C18043700B16BF2 /* UIImage+GIF.m in Sources */,
				980A92FE1C17B440009166D0 /* SmartHome.xcdatamodeld in Sources */,
				984739DB1C1AC9A300E80376 /* AFURLConnectionOperation.m in Sources */,
				984739DA1C1AC9A300E80376 /* AFSecurityPolicy.m in Sources */,
				C24FD2C01C18043700B16BF2 /* QRCameraSwitchButton.m in Sources */,
				C24FD2B51C18043700B16BF2 /* DeviceIconVC.swift in Sources */,
				C24FD2CF1C18043700B16BF2 /* UIImage+MultiFormat.m in Sources */,
				C24FD2CA1C18043700B16BF2 /* SDWebImageDownloaderOperation.m in Sources */,
				985F9A761C215D9F00FFE955 /* CreatHomeVC.swift in Sources */,
				980474701C23B54000B3966D /* AddCell.swift in Sources */,
				984739E41C1AC9A300E80376 /* UIProgressView+AFNetworking.m in Sources */,
				983FE2E91C1821B6004B89CE /* Helper.swift in Sources */,
				C24FD2A21C18043700B16BF2 /* GlobalVariables.swift in Sources */,
				985F9A6A1C2159FC00FFE955 /* RoomAndFloorCell.swift in Sources */,
				985F9A681C2159FC00FFE955 /* FloorViewController.swift in Sources */,
				984739DE1C1AC9A300E80376 /* AFURLSessionManager.m in Sources */,
				C24FD2B11C18043700B16BF2 /* AllDeviceListVC.swift in Sources */,
				984739D61C1AC9A300E80376 /* AFHTTPRequestOperation.m in Sources */,
				C24FD2C81C18043700B16BF2 /* SDWebImageDecoder.m in Sources */,
				C21E15941C1806FE00C45854 /* SetModelVC.swift in Sources */,
				C24FD2D01C18043700B16BF2 /* UIImage+WebP.m in Sources */,
				984739E51C1AC9A300E80376 /* UIRefreshControl+AFNetworking.m in Sources */,
				C24FD2C71C18043700B16BF2 /* SDWebImageCompat.m in Sources */,
				C24FD2B31C18043700B16BF2 /* CreateChooseVC.swift in Sources */,
				C24FD2C31C18043700B16BF2 /* QRCodeReaderViewController.m in Sources */,
				C24FD2C91C18043700B16BF2 /* SDWebImageDownloader.m in Sources */,
				984739DD1C1AC9A300E80376 /* AFURLResponseSerialization.m in Sources */,
				C24FD2C41C18043700B16BF2 /* MKAnnotationView+WebCache.m in Sources */,
				98E906C01C19694100392450 /* Tools.swift in Sources */,
				980A92F61C17B440009166D0 /* AppDelegate.swift in Sources */,
				985F9A631C2159FC00FFE955 /* AddRoomCell.swift in Sources */,
				985F9A6F1C215B6E00FFE955 /* EditView.swift in Sources */,
				98FD77AB1C1E5B530079E5A7 /* UserModel.swift in Sources */,
				985F9A7A1C215DBA00FFE955 /* CreatRootVC.swift in Sources */,
				C24FD2C61C18043700B16BF2 /* SDImageCache.m in Sources */,
			);
			runOnlyForDeploymentPostprocessing = 0;
		};
		980A93051C17B441009166D0 /* Sources */ = {
			isa = PBXSourcesBuildPhase;
			buildActionMask = 2147483647;
			files = (
				980A930E1C17B441009166D0 /* SmartHomeTests.swift in Sources */,
			);
			runOnlyForDeploymentPostprocessing = 0;
		};
		980A93101C17B441009166D0 /* Sources */ = {
			isa = PBXSourcesBuildPhase;
			buildActionMask = 2147483647;
			files = (
				980A93191C17B441009166D0 /* SmartHomeUITests.swift in Sources */,
			);
			runOnlyForDeploymentPostprocessing = 0;
		};
/* End PBXSourcesBuildPhase section */

/* Begin PBXTargetDependency section */
		980A930B1C17B441009166D0 /* PBXTargetDependency */ = {
			isa = PBXTargetDependency;
			target = 980A92F11C17B440009166D0 /* SmartHome */;
			targetProxy = 980A930A1C17B441009166D0 /* PBXContainerItemProxy */;
		};
		980A93161C17B441009166D0 /* PBXTargetDependency */ = {
			isa = PBXTargetDependency;
			target = 980A92F11C17B440009166D0 /* SmartHome */;
			targetProxy = 980A93151C17B441009166D0 /* PBXContainerItemProxy */;
		};
/* End PBXTargetDependency section */

/* Begin PBXVariantGroup section */
		9803539D1C1947DE00A2C6A8 /* Info.plist */ = {
			isa = PBXVariantGroup;
			children = (
				9803539E1C1947E500A2C6A8 /* Base */,
			);
			name = Info.plist;
			sourceTree = "<group>";
		};
		980353A91C19499E00A2C6A8 /* Localizable.strings */ = {
			isa = PBXVariantGroup;
			children = (
				980353A81C19499E00A2C6A8 /* zh-Hans */,
				980353AB1C1949A800A2C6A8 /* zh-Hant */,
				9847F0AF1C1958C6005D72A9 /* en */,
			);
			name = Localizable.strings;
			sourceTree = "<group>";
		};
		980A92F91C17B440009166D0 /* Main.storyboard */ = {
			isa = PBXVariantGroup;
			children = (
				980353B81C194A8A00A2C6A8 /* zh-Hans */,
				980353B91C194A8A00A2C6A8 /* zh-Hant */,
				980353BB1C194A8D00A2C6A8 /* en */,
			);
			name = Main.storyboard;
			sourceTree = "<group>";
		};
		980A93011C17B440009166D0 /* LaunchScreen.storyboard */ = {
			isa = PBXVariantGroup;
			children = (
				98E906B51C19594800392450 /* Base */,
			);
			name = LaunchScreen.storyboard;
			sourceTree = "<group>";
		};
		9847F0951C194F09005D72A9 /* InfoPlist.strings */ = {
			isa = PBXVariantGroup;
			children = (
				9847F0941C194F09005D72A9 /* en */,
				9847F0961C194F0A005D72A9 /* zh-Hans */,
				9847F0971C194F0B005D72A9 /* zh-Hant */,
			);
			name = InfoPlist.strings;
			sourceTree = "<group>";
		};
		9847F09A1C19577C005D72A9 /* PhoneVC.xib */ = {
			isa = PBXVariantGroup;
			children = (
				9847F0A51C195798005D72A9 /* Base */,
			);
			name = PhoneVC.xib;
			sourceTree = "<group>";
		};
/* End PBXVariantGroup section */

/* Begin XCBuildConfiguration section */
		980A931B1C17B441009166D0 /* Debug */ = {
			isa = XCBuildConfiguration;
			buildSettings = {
				ALWAYS_SEARCH_USER_PATHS = NO;
				CLANG_CXX_LANGUAGE_STANDARD = "gnu++0x";
				CLANG_CXX_LIBRARY = "libc++";
				CLANG_ENABLE_MODULES = YES;
				CLANG_ENABLE_OBJC_ARC = YES;
				CLANG_WARN_BOOL_CONVERSION = YES;
				CLANG_WARN_CONSTANT_CONVERSION = YES;
				CLANG_WARN_DIRECT_OBJC_ISA_USAGE = YES_ERROR;
				CLANG_WARN_EMPTY_BODY = YES;
				CLANG_WARN_ENUM_CONVERSION = YES;
				CLANG_WARN_INT_CONVERSION = YES;
				CLANG_WARN_OBJC_ROOT_CLASS = YES_ERROR;
				CLANG_WARN_UNREACHABLE_CODE = YES;
				CLANG_WARN__DUPLICATE_METHOD_MATCH = YES;
				"CODE_SIGN_IDENTITY[sdk=iphoneos*]" = "iPhone Developer";
				COPY_PHASE_STRIP = NO;
				DEBUG_INFORMATION_FORMAT = dwarf;
				ENABLE_STRICT_OBJC_MSGSEND = YES;
				ENABLE_TESTABILITY = YES;
				GCC_C_LANGUAGE_STANDARD = gnu99;
				GCC_DYNAMIC_NO_PIC = NO;
				GCC_NO_COMMON_BLOCKS = YES;
				GCC_OPTIMIZATION_LEVEL = 0;
				GCC_PREPROCESSOR_DEFINITIONS = (
					"DEBUG=1",
					"$(inherited)",
				);
				GCC_WARN_64_TO_32_BIT_CONVERSION = YES;
				GCC_WARN_ABOUT_RETURN_TYPE = YES_ERROR;
				GCC_WARN_UNDECLARED_SELECTOR = YES;
				GCC_WARN_UNINITIALIZED_AUTOS = YES_AGGRESSIVE;
				GCC_WARN_UNUSED_FUNCTION = YES;
				GCC_WARN_UNUSED_VARIABLE = YES;
				IPHONEOS_DEPLOYMENT_TARGET = 9.1;
				MTL_ENABLE_DEBUG_INFO = YES;
				ONLY_ACTIVE_ARCH = YES;
				SDKROOT = iphoneos;
				SWIFT_OPTIMIZATION_LEVEL = "-Onone";
			};
			name = Debug;
		};
		980A931C1C17B441009166D0 /* Release */ = {
			isa = XCBuildConfiguration;
			buildSettings = {
				ALWAYS_SEARCH_USER_PATHS = NO;
				CLANG_CXX_LANGUAGE_STANDARD = "gnu++0x";
				CLANG_CXX_LIBRARY = "libc++";
				CLANG_ENABLE_MODULES = YES;
				CLANG_ENABLE_OBJC_ARC = YES;
				CLANG_WARN_BOOL_CONVERSION = YES;
				CLANG_WARN_CONSTANT_CONVERSION = YES;
				CLANG_WARN_DIRECT_OBJC_ISA_USAGE = YES_ERROR;
				CLANG_WARN_EMPTY_BODY = YES;
				CLANG_WARN_ENUM_CONVERSION = YES;
				CLANG_WARN_INT_CONVERSION = YES;
				CLANG_WARN_OBJC_ROOT_CLASS = YES_ERROR;
				CLANG_WARN_UNREACHABLE_CODE = YES;
				CLANG_WARN__DUPLICATE_METHOD_MATCH = YES;
				"CODE_SIGN_IDENTITY[sdk=iphoneos*]" = "iPhone Developer";
				COPY_PHASE_STRIP = NO;
				DEBUG_INFORMATION_FORMAT = "dwarf-with-dsym";
				ENABLE_NS_ASSERTIONS = NO;
				ENABLE_STRICT_OBJC_MSGSEND = YES;
				GCC_C_LANGUAGE_STANDARD = gnu99;
				GCC_NO_COMMON_BLOCKS = YES;
				GCC_WARN_64_TO_32_BIT_CONVERSION = YES;
				GCC_WARN_ABOUT_RETURN_TYPE = YES_ERROR;
				GCC_WARN_UNDECLARED_SELECTOR = YES;
				GCC_WARN_UNINITIALIZED_AUTOS = YES_AGGRESSIVE;
				GCC_WARN_UNUSED_FUNCTION = YES;
				GCC_WARN_UNUSED_VARIABLE = YES;
				IPHONEOS_DEPLOYMENT_TARGET = 9.1;
				MTL_ENABLE_DEBUG_INFO = NO;
				SDKROOT = iphoneos;
				VALIDATE_PRODUCT = YES;
			};
			name = Release;
		};
		980A931E1C17B441009166D0 /* Debug */ = {
			isa = XCBuildConfiguration;
			buildSettings = {
				ASSETCATALOG_COMPILER_APPICON_NAME = AppIcon;
				CODE_SIGN_IDENTITY = "iPhone Developer";
				EMBEDDED_CONTENT_CONTAINS_SWIFT = NO;
				ENABLE_BITCODE = NO;
				INFOPLIST_FILE = SmartHome/Info.plist;
				IPHONEOS_DEPLOYMENT_TARGET = 8.0;
				LD_RUNPATH_SEARCH_PATHS = "$(inherited) @executable_path/Frameworks";
				LIBRARY_SEARCH_PATHS = (
					"$(inherited)",
					"$(PROJECT_DIR)/SmartHome/Vendors",
					"$(PROJECT_DIR)/SmartHome/Vendors/libSmartLink",
				);
				PRODUCT_BUNDLE_IDENTIFIER = com.konlin.SmartHome;
				PRODUCT_NAME = "$(TARGET_NAME)";
				PROVISIONING_PROFILE = "2811a111-262e-416d-8e44-a2df472a754b";
				SWIFT_OBJC_BRIDGING_HEADER = "SmartHome/SmartHome-Bridging-Header.h";
			};
			name = Debug;
		};
		980A931F1C17B441009166D0 /* Release */ = {
			isa = XCBuildConfiguration;
			buildSettings = {
				ASSETCATALOG_COMPILER_APPICON_NAME = AppIcon;
				CODE_SIGN_IDENTITY = "iPhone Developer";
				EMBEDDED_CONTENT_CONTAINS_SWIFT = NO;
				ENABLE_BITCODE = NO;
				INFOPLIST_FILE = SmartHome/Info.plist;
				IPHONEOS_DEPLOYMENT_TARGET = 8.0;
				LD_RUNPATH_SEARCH_PATHS = "$(inherited) @executable_path/Frameworks";
				LIBRARY_SEARCH_PATHS = (
					"$(inherited)",
					"$(PROJECT_DIR)/SmartHome/Vendors",
					"$(PROJECT_DIR)/SmartHome/Vendors/libSmartLink",
				);
				PRODUCT_BUNDLE_IDENTIFIER = com.konlin.SmartHome;
				PRODUCT_NAME = "$(TARGET_NAME)";
				PROVISIONING_PROFILE = "2811a111-262e-416d-8e44-a2df472a754b";
				SWIFT_OBJC_BRIDGING_HEADER = "SmartHome/SmartHome-Bridging-Header.h";
			};
			name = Release;
		};
		980A93211C17B441009166D0 /* Debug */ = {
			isa = XCBuildConfiguration;
			buildSettings = {
				BUNDLE_LOADER = "$(TEST_HOST)";
				INFOPLIST_FILE = SmartHomeTests/Info.plist;
				LD_RUNPATH_SEARCH_PATHS = "$(inherited) @executable_path/Frameworks @loader_path/Frameworks";
				PRODUCT_BUNDLE_IDENTIFIER = com.konlin.SmartHomeTests;
				PRODUCT_NAME = "$(TARGET_NAME)";
				TEST_HOST = "$(BUILT_PRODUCTS_DIR)/SmartHome.app/SmartHome";
			};
			name = Debug;
		};
		980A93221C17B441009166D0 /* Release */ = {
			isa = XCBuildConfiguration;
			buildSettings = {
				BUNDLE_LOADER = "$(TEST_HOST)";
				INFOPLIST_FILE = SmartHomeTests/Info.plist;
				LD_RUNPATH_SEARCH_PATHS = "$(inherited) @executable_path/Frameworks @loader_path/Frameworks";
				PRODUCT_BUNDLE_IDENTIFIER = com.konlin.SmartHomeTests;
				PRODUCT_NAME = "$(TARGET_NAME)";
				TEST_HOST = "$(BUILT_PRODUCTS_DIR)/SmartHome.app/SmartHome";
			};
			name = Release;
		};
		980A93241C17B441009166D0 /* Debug */ = {
			isa = XCBuildConfiguration;
			buildSettings = {
				INFOPLIST_FILE = SmartHomeUITests/Info.plist;
				LD_RUNPATH_SEARCH_PATHS = "$(inherited) @executable_path/Frameworks @loader_path/Frameworks";
				PRODUCT_BUNDLE_IDENTIFIER = com.konlin.SmartHomeUITests;
				PRODUCT_NAME = "$(TARGET_NAME)";
				TEST_TARGET_NAME = SmartHome;
				USES_XCTRUNNER = YES;
			};
			name = Debug;
		};
		980A93251C17B441009166D0 /* Release */ = {
			isa = XCBuildConfiguration;
			buildSettings = {
				INFOPLIST_FILE = SmartHomeUITests/Info.plist;
				LD_RUNPATH_SEARCH_PATHS = "$(inherited) @executable_path/Frameworks @loader_path/Frameworks";
				PRODUCT_BUNDLE_IDENTIFIER = com.konlin.SmartHomeUITests;
				PRODUCT_NAME = "$(TARGET_NAME)";
				TEST_TARGET_NAME = SmartHome;
				USES_XCTRUNNER = YES;
			};
			name = Release;
		};
/* End XCBuildConfiguration section */

/* Begin XCConfigurationList section */
		980A92ED1C17B440009166D0 /* Build configuration list for PBXProject "SmartHome" */ = {
			isa = XCConfigurationList;
			buildConfigurations = (
				980A931B1C17B441009166D0 /* Debug */,
				980A931C1C17B441009166D0 /* Release */,
			);
			defaultConfigurationIsVisible = 0;
			defaultConfigurationName = Release;
		};
		980A931D1C17B441009166D0 /* Build configuration list for PBXNativeTarget "SmartHome" */ = {
			isa = XCConfigurationList;
			buildConfigurations = (
				980A931E1C17B441009166D0 /* Debug */,
				980A931F1C17B441009166D0 /* Release */,
			);
			defaultConfigurationIsVisible = 0;
			defaultConfigurationName = Release;
		};
		980A93201C17B441009166D0 /* Build configuration list for PBXNativeTarget "SmartHomeTests" */ = {
			isa = XCConfigurationList;
			buildConfigurations = (
				980A93211C17B441009166D0 /* Debug */,
				980A93221C17B441009166D0 /* Release */,
			);
			defaultConfigurationIsVisible = 0;
			defaultConfigurationName = Release;
		};
		980A93231C17B441009166D0 /* Build configuration list for PBXNativeTarget "SmartHomeUITests" */ = {
			isa = XCConfigurationList;
			buildConfigurations = (
				980A93241C17B441009166D0 /* Debug */,
				980A93251C17B441009166D0 /* Release */,
			);
			defaultConfigurationIsVisible = 0;
			defaultConfigurationName = Release;
		};
/* End XCConfigurationList section */

/* Begin XCVersionGroup section */
		980A92FC1C17B440009166D0 /* SmartHome.xcdatamodeld */ = {
			isa = XCVersionGroup;
			children = (
				980A92FD1C17B440009166D0 /* SmartHome.xcdatamodel */,
			);
			currentVersion = 980A92FD1C17B440009166D0 /* SmartHome.xcdatamodel */;
			path = SmartHome.xcdatamodeld;
			sourceTree = "<group>";
			versionGroupType = wrapper.xcdatamodel;
		};
/* End XCVersionGroup section */
	};
	rootObject = 980A92EA1C17B440009166D0 /* Project object */;
}
